version = 1
revision = 1
requires-python = ">=3.8"

[[package]]
name = "cachebox"
version = "4.5.3"
source = { registry = "https://pypi.org/simple" }
sdist = { url = "https://files.pythonhosted.org/packages/1f/60/9f02d97d8dd2196d0dcc0f00d2d216edab4d5fc038eafa7395b92d943d0b/cachebox-4.5.3.tar.gz", hash = "sha256:751234cb2bd9df51ea56dc8ac79a078a1f09847ad163168cbd3a8e83a8f84eaa", size = 56554 }
wheels = [
    { url = "https://files.pythonhosted.org/packages/c6/ba/d1bc23a36ae15056537344e991644caf572068e5390f1d882566340f3b3e/cachebox-4.5.3-cp310-cp310-macosx_10_12_x86_64.whl", hash = "sha256:a2ba0c13c5b6d735da51b70bec8b180187d8e6c9626c12d9bd0cc7f6a94c3daa", size = 382439 },
    { url = "https://files.pythonhosted.org/packages/28/e2/4dc7d80f370fc5122ebad60bd49f340adcde333da84cb1b569ba859dfbc1/cachebox-4.5.3-cp310-cp310-macosx_11_0_arm64.whl", hash = "sha256:0dde97469d2e3c93ee5ef3dfae377149e9dc2fc8f3ee396e2f55b0409642a881", size = 345346 },
    { url = "https://files.pythonhosted.org/packages/61/c3/1b05952c954952ba8d81ea045cd397812ccff6523c43723732a6c4cc3cf8/cachebox-4.5.3-cp310-cp310-manylinux_2_17_aarch64.manylinux2014_aarch64.whl", hash = "sha256:935a0806b0de9a6baaef3b62f6d104db304ec32b1b6b219d1f4d4bb092b246ca", size = 362137 },
    { url = "https://files.pythonhosted.org/packages/f1/de/301a59a033e63a73525de1217571276e398ae0b30bcc66f93a2a047b1270/cachebox-4.5.3-cp310-cp310-manylinux_2_17_armv7l.manylinux2014_armv7l.whl", hash = "sha256:7873283db921ae5e60329600f802d7137445cd28c15efeb85cb6ab529c18e492", size = 391703 },
    { url = "https://files.pythonhosted.org/packages/8d/d7/b7f76619b902dac9eec01206e16075ec620f09f08f8e099d80285ccde4fc/cachebox-4.5.3-cp310-cp310-manylinux_2_17_ppc64le.manylinux2014_ppc64le.whl", hash = "sha256:625e628741aa843f84babc25404d3d1d43a23e644aef0f57b4828a5be75b10e3", size = 425442 },
    { url = "https://files.pythonhosted.org/packages/33/2e/51c8dd29a0e66e865a1dec121a07cfb8868551b36106544e5c400f7a4592/cachebox-4.5.3-cp310-cp310-manylinux_2_17_s390x.manylinux2014_s390x.whl", hash = "sha256:7304e75f1bb8abf7d895a55ed5633af3fc64483ab7893afd3d536e7d2692a8fe", size = 630733 },
    { url = "https://files.pythonhosted.org/packages/cd/96/8a06ed110d972051991886b5169b61399ba0334e91a39fc3e21e7cf11dee/cachebox-4.5.3-cp310-cp310-manylinux_2_17_x86_64.manylinux2014_x86_64.whl", hash = "sha256:d87a23b331fee3a934f1ebc295ff8651dd641d981c67a5fb1ce4657fad2d9c8d", size = 390995 },
    { url = "https://files.pythonhosted.org/packages/a3/ed/3db1705fc185d7edffbf94c8a1c3d61d79cc1a32d264c6c8c0626a87e23b/cachebox-4.5.3-cp310-cp310-manylinux_2_5_i686.manylinux1_i686.whl", hash = "sha256:a37dc4b120d7463c960eabf5f45746170b041f71799eaac9988b8371e6047de7", size = 410294 },
    { url = "https://files.pythonhosted.org/packages/8a/ce/94f1639fc71cd66eb03957dcd65565d3a4555a039492012ec90647dd8580/cachebox-4.5.3-cp310-cp310-musllinux_1_1_aarch64.whl", hash = "sha256:00e29c8f02675b6dceef4d3f68439407fc5858ff1ed59a4f6762ec7d791f2a31", size = 543549 },
    { url = "https://files.pythonhosted.org/packages/6c/6b/8eb122cf0af662f34c9bf9b64d83dfea87773ec558a90b14bc620684e33f/cachebox-4.5.3-cp310-cp310-musllinux_1_1_armv7l.whl", hash = "sha256:e38b95713aac9a235bb9f1d5c987cb60350d4c425c2803f54c090c89e434a9fb", size = 654899 },
    { url = "https://files.pythonhosted.org/packages/df/ee/0885f0ce25c2a6b077009b6c25e475b1348aed2943432545fd70be730fd7/cachebox-4.5.3-cp310-cp310-musllinux_1_1_x86_64.whl", hash = "sha256:5c26caa1a4a7a662f3c72d55e144254ffa96e3a8177d6bc72dc758f11709fbe1", size = 562848 },
    { url = "https://files.pythonhosted.org/packages/29/12/c7f47d1474b9f66b9f6820d981c498a4ed0015239d9807b315eccc345d6d/cachebox-4.5.3-cp310-cp310-win32.whl", hash = "sha256:b4fd8f3de12730ec46c410176d1f8f5fc51489a745ce629347522ff3e3004e5b", size = 264166 },
    { url = "https://files.pythonhosted.org/packages/7a/64/df885fb5f4750193cc00fda7e93565b8283d1a597118c9f482d233f2bf99/cachebox-4.5.3-cp310-cp310-win_amd64.whl", hash = "sha256:5f5877cd8190f8b6711223f9b933f79621c6870f448eccb20a269cb1d23266a8", size = 275692 },
    { url = "https://files.pythonhosted.org/packages/7d/16/64d19c5c8a5a272b54908ca44ad5cbc6500687f09807f528f5cb490437b5/cachebox-4.5.3-cp311-cp311-macosx_10_12_x86_64.whl", hash = "sha256:a87e694590c317f5de89b96fbf94b06a3f5bc3159b36b437e58460d77485b002", size = 382284 },
    { url = "https://files.pythonhosted.org/packages/e5/bc/79bd8b37895bdc6e2b52ec4285d5084b11c5537972931686136389380b8a/cachebox-4.5.3-cp311-cp311-macosx_11_0_arm64.whl", hash = "sha256:47361cac94d57c37b41b8da9a9d06a973d908706494f83177aa2b90f1caef670", size = 345437 },
    { url = "https://files.pythonhosted.org/packages/af/0e/2794d40b602296d1c82f0c32f626db37023237d62b6985b1c2dcc41ac493/cachebox-4.5.3-cp311-cp311-manylinux_2_17_aarch64.manylinux2014_aarch64.whl", hash = "sha256:2e31ce8a2de66b829eb636d78938eb6c33c9444276cf1404065003ab8856c78f", size = 361697 },
    { url = "https://files.pythonhosted.org/packages/b4/f5/5065868fac94e42669cd3705938b695346cbcc25e925685a47af7da442af/cachebox-4.5.3-cp311-cp311-manylinux_2_17_armv7l.manylinux2014_armv7l.whl", hash = "sha256:6e879c9d85795791adb1db7bd944c215208b6f1df02190af35d39fcd5e4b0203", size = 391503 },
    { url = "https://files.pythonhosted.org/packages/e6/62/5a4ef7fdb5749fa7095542ffd341258cacfb30c36bcc5adcb1b4b19aedf8/cachebox-4.5.3-cp311-cp311-manylinux_2_17_ppc64le.manylinux2014_ppc64le.whl", hash = "sha256:487bf0d05749683ba591a79d809d648e586717a24d346d694f8918d43f5f4969", size = 425168 },
    { url = "https://files.pythonhosted.org/packages/86/00/d317278e2bfb2f157417fd3f6163f954733a68dcffa7e04511c5563001c9/cachebox-4.5.3-cp311-cp311-manylinux_2_17_s390x.manylinux2014_s390x.whl", hash = "sha256:8e2f538af13fd0557a662e8844d46e79e8f6ea11d55c05bd460c7ba9b6ea6e1b", size = 630344 },
    { url = "https://files.pythonhosted.org/packages/56/57/ec367c68ae6bde87d6cc658459879dcd9bb9e1752d4ce841464d7432a6dd/cachebox-4.5.3-cp311-cp311-manylinux_2_17_x86_64.manylinux2014_x86_64.whl", hash = "sha256:c6f0e1564168ac6a01068de5c3e784923cff7598f9b39e1236360d1dce2890da", size = 390671 },
    { url = "https://files.pythonhosted.org/packages/e6/a6/b443d7317603341995c6bb0e18a4f481ec34bf115011ab26159eb8d49e5b/cachebox-4.5.3-cp311-cp311-manylinux_2_5_i686.manylinux1_i686.whl", hash = "sha256:f7b562a836b8e7f1751f132e50fc96b4a6307f1e08a19bccdba7902b4621b283", size = 409693 },
    { url = "https://files.pythonhosted.org/packages/02/87/287437b9393d1416407a51917dc7c3a2b424973dbd6fdc6d4e8330094eed/cachebox-4.5.3-cp311-cp311-musllinux_1_1_aarch64.whl", hash = "sha256:824fc42e6a2949b5ed96ce2bd2bf1b839133141d6087d2425e21542ebee70566", size = 543204 },
    { url = "https://files.pythonhosted.org/packages/d5/2b/75c87926516cd4ce944fd460f0c1b24b99a8f1bd32f45a78153bbfb6dcb2/cachebox-4.5.3-cp311-cp311-musllinux_1_1_armv7l.whl", hash = "sha256:60cb43106c6229cace3105bcc4452efbf3d9c6c114edfbe714b0054445cef9c9", size = 654735 },
    { url = "https://files.pythonhosted.org/packages/e9/df/cf23d05cc3d1f5cc8ba82dc1fe4f020e0c1e1a72cd271b957205de0b2210/cachebox-4.5.3-cp311-cp311-musllinux_1_1_x86_64.whl", hash = "sha256:908fc297463b62f3983e3fda80c7b71955859c2142bb8b63ac4fd366bd88a745", size = 562560 },
    { url = "https://files.pythonhosted.org/packages/15/5e/de9bdfa935a972c416aea8b45144e077bedfced1b173f36eff81db7f3aa0/cachebox-4.5.3-cp311-cp311-win32.whl", hash = "sha256:b6f43f34df84a72d7c3ad6d4e6048c4da241bc882f751c8d756648d83a03e069", size = 264013 },
    { url = "https://files.pythonhosted.org/packages/10/df/20cdb2036b460b15f4697adf50b23672a93f25c68327e19d644a06134064/cachebox-4.5.3-cp311-cp311-win_amd64.whl", hash = "sha256:9ce893d5161b9c9e2f74e5a6fc75e1c4507c84736b49f4f3c8de10b5384563b7", size = 275625 },
    { url = "https://files.pythonhosted.org/packages/f3/2c/28721dcbde632352acbc2ff5786abf410e44afdc09f52e168e9e2c093c74/cachebox-4.5.3-cp312-cp312-macosx_10_12_x86_64.whl", hash = "sha256:8522dbdd6d4e49e7e2630e88fd38a0486a342a0c21044388a24ee91d9958bb80", size = 369668 },
    { url = "https://files.pythonhosted.org/packages/e6/fe/741a3b411f436e6497106a030634e8028a55a3ff1d3d68cbccb08e5f718f/cachebox-4.5.3-cp312-cp312-macosx_11_0_arm64.whl", hash = "sha256:4a1fb65e2e4f28c3ff4ee6a51cd9a9cea0c9314732d25110d76f21098fff149c", size = 332593 },
    { url = "https://files.pythonhosted.org/packages/b7/27/00fb03a41357bc4e313062c47c43b785d35ff586b911ca459738d874ce4c/cachebox-4.5.3-cp312-cp312-manylinux_2_17_aarch64.manylinux2014_aarch64.whl", hash = "sha256:8e2ba93074ec36f0302b577c336619bddb965ad50677131562b7fdef3eb7a14c", size = 356602 },
    { url = "https://files.pythonhosted.org/packages/6e/d8/843925d046f6dbe2f788b6747b65c4a8762762914f66b9a6c8aa6a82b68b/cachebox-4.5.3-cp312-cp312-manylinux_2_17_armv7l.manylinux2014_armv7l.whl", hash = "sha256:3d5df2875549777d28f1ac61424106fb51bf2664d241f5358669117f62560569", size = 389072 },
    { url = "https://files.pythonhosted.org/packages/40/89/44dcca688c98e615109b911c671de120d2d185277b65220988e3cc730d7b/cachebox-4.5.3-cp312-cp312-manylinux_2_17_ppc64le.manylinux2014_ppc64le.whl", hash = "sha256:9b29223a99705974a95e912d2240ae18e896951cafc754321b3dc2e6c0cce685", size = 419777 },
    { url = "https://files.pythonhosted.org/packages/d4/71/900008603246f94085d0967bae0c8f1d43bcbd38ac3dac8cc2fc965c5ab4/cachebox-4.5.3-cp312-cp312-manylinux_2_17_s390x.manylinux2014_s390x.whl", hash = "sha256:35da48d024f972c9dcf4d352430c29f2a173c2cb0ac64c2f6ef31d0d1fc471f4", size = 624527 },
    { url = "https://files.pythonhosted.org/packages/58/bd/34b6d1178c0069fca1f84d0085e8d85fb8fcfe1363ef77e68fd8e43db554/cachebox-4.5.3-cp312-cp312-manylinux_2_17_x86_64.manylinux2014_x86_64.whl", hash = "sha256:bfa4bba1883c6880a625313ed30ff891d93e3b98290b55f09ee57f765bb17c8c", size = 385281 },
    { url = "https://files.pythonhosted.org/packages/40/d2/921f0de0307d307eccb07d2efd519497199af79c9188616fb4d0c795c9a0/cachebox-4.5.3-cp312-cp312-manylinux_2_5_i686.manylinux1_i686.whl", hash = "sha256:9d3bcc2d447c930878507cda842ef59df10ec3ef93a29c4bee150e72228e41b3", size = 403653 },
    { url = "https://files.pythonhosted.org/packages/14/f6/6d270767dc740dbb938d1b778ef76c1c5b13de137ba3430a47ebcbc56501/cachebox-4.5.3-cp312-cp312-musllinux_1_1_aarch64.whl", hash = "sha256:3bf1c9d2eb4e5723f50a148ac674226cfdbcdbe2fe1fbc9cfca9269a67b7bd88", size = 536021 },
    { url = "https://files.pythonhosted.org/packages/0b/0c/3b890567046f70323edb9864a3ceecdd95995e12f1aa74a619443c5c524e/cachebox-4.5.3-cp312-cp312-musllinux_1_1_armv7l.whl", hash = "sha256:9502b961cdbbc60ab555cbd0904a3659873cdfd582ec28b053daf55d9519e83f", size = 652222 },
    { url = "https://files.pythonhosted.org/packages/e9/19/ea92acc1826ba6de7df5afa469820e3b1858bc0f31eb41f06e06f8175310/cachebox-4.5.3-cp312-cp312-musllinux_1_1_x86_64.whl", hash = "sha256:7e376890363e7e32d2039989fbddcb81411bcbd2b4146caf0d15b8453b84ed2d", size = 556789 },
    { url = "https://files.pythonhosted.org/packages/76/f8/aaa0a6e47a7e7ed9af00aaf95d89b3e81976d47a82ab8dc542edc8511450/cachebox-4.5.3-cp312-cp312-win32.whl", hash = "sha256:4d25e96a11c7bd718d3f7e7a9b5fdeeeec376bc84e4242f8c339dee20f70f57c", size = 261926 },
    { url = "https://files.pythonhosted.org/packages/3d/42/185b7b1c86e15bc5a119c5d977146b0c13b3ae06a96e9c795ba49831aa39/cachebox-4.5.3-cp312-cp312-win_amd64.whl", hash = "sha256:4ff204af6ee474fcd18f5fc5d5a777b321fca90b07434c99dee51002f8fe58b7", size = 269320 },
    { url = "https://files.pythonhosted.org/packages/e7/f9/e0d4b6d36c6a46dfe092645a9743abbe3fffb0895376df2e069ce711d475/cachebox-4.5.3-cp313-cp313-macosx_10_12_x86_64.whl", hash = "sha256:d0daa8c6e7835afe52d6e49c2823235ff48580cfcebd4764a46bb450a3df0f2b", size = 369336 },
    { url = "https://files.pythonhosted.org/packages/e4/5a/6289e47276b2ea4f7fd003a31438e824cb734c58aca63c52d3ad84e40f68/cachebox-4.5.3-cp313-cp313-macosx_11_0_arm64.whl", hash = "sha256:3458c7e7783845917348538340fc64a7871e994aa7ff5c983121cd9357cdf305", size = 332224 },
    { url = "https://files.pythonhosted.org/packages/e4/f9/6999f8e4f7a77192f32fe98f5c75c1e552adbf1294cc5efd77ff62bb0d43/cachebox-4.5.3-cp313-cp313-manylinux_2_17_aarch64.manylinux2014_aarch64.whl", hash = "sha256:2169fbb3a42b382049438aadc94dc910b0be7561682cb3bf9e435e1ed1ab8b4d", size = 356376 },
    { url = "https://files.pythonhosted.org/packages/e0/24/c993235033307a4113ca10421e63733df6049d7b2cca1e14dbf184045c13/cachebox-4.5.3-cp313-cp313-manylinux_2_17_armv7l.manylinux2014_armv7l.whl", hash = "sha256:658a73f98dd0530416601e3f4cec48851e3fb7f4f00131edefd502f1906d15ec", size = 388852 },
    { url = "https://files.pythonhosted.org/packages/7e/31/152822d0423f5e02af22da6d47698106827bd15c988fde70c182aa1ecf86/cachebox-4.5.3-cp313-cp313-manylinux_2_17_ppc64le.manylinux2014_ppc64le.whl", hash = "sha256:7d8e2873d4061b435daac2bca679e459fe3e2085476313f9adb2a3b6e8af6c66", size = 419616 },
    { url = "https://files.pythonhosted.org/packages/77/e4/92fc717f24bbbcdfa08c06c38694f36caa06a9f3cf281d63f52c3209a2a0/cachebox-4.5.3-cp313-cp313-manylinux_2_17_s390x.manylinux2014_s390x.whl", hash = "sha256:a3b9d82c44ba3814c323be50ca4fb34bef629cc6554760fd161f53c7410c228c", size = 623875 },
    { url = "https://files.pythonhosted.org/packages/e6/a2/d99ea24986e8fe2667aa1efe278c14f51a64fffdc959e5b2e35c5541ebe3/cachebox-4.5.3-cp313-cp313-manylinux_2_17_x86_64.manylinux2014_x86_64.whl", hash = "sha256:b52527b60b14506b33da601ad5dfcaaabdafdcd0f95d14707f802658bfdceff7", size = 384976 },
    { url = "https://files.pythonhosted.org/packages/62/e2/7b4263f900b7f7411f3ce634fe4b2c22085ac3cf0add5b4648e51b0a188b/cachebox-4.5.3-cp313-cp313-manylinux_2_5_i686.manylinux1_i686.whl", hash = "sha256:2b5799b933b2a48ced38144d391f647be0fee9ecdec47a344f35860c401be196", size = 402789 },
    { url = "https://files.pythonhosted.org/packages/ec/e7/5caefcadfd92681d4e92d1a2a67b3bff68bd51a061da42fb6d87a7bd327f/cachebox-4.5.3-cp313-cp313-musllinux_1_1_aarch64.whl", hash = "sha256:cfbd400ba63d82d0bbdcd1c0c15d17c4373b5c65f6dfe996c2caa842b1f73f2a", size = 535843 },
    { url = "https://files.pythonhosted.org/packages/c3/10/650414b245ac2c9aefc3975aaa0e12b4f7119eb486379b9634eedc1b0c87/cachebox-4.5.3-cp313-cp313-musllinux_1_1_armv7l.whl", hash = "sha256:b6a83b8a35a8e0a78f3db27b46338de41d2ffcf679d489c575910455d87113eb", size = 652126 },
    { url = "https://files.pythonhosted.org/packages/1d/01/d468c519019431a3545e2f5c9d11516f2caed4f43ba2aebb428c6215ec18/cachebox-4.5.3-cp313-cp313-musllinux_1_1_x86_64.whl", hash = "sha256:045f35d70bb037e1bc5e80c97839701e4763c91861a8eba78245483cb4963eda", size = 556718 },
    { url = "https://files.pythonhosted.org/packages/20/e3/6f2a3d6031d41fc26db092c6f30c8e5db186b90d6db5fc0f0cb06e756b24/cachebox-4.5.3-cp313-cp313-win32.whl", hash = "sha256:b6effef449a558b9332dc4bc7f0d861f259dae6ddae548c1ca8e22b5cb6d12b7", size = 261732 },
    { url = "https://files.pythonhosted.org/packages/47/cb/548a9a2bb3b97caef95002de930844504f51da19a186f280d12830412476/cachebox-4.5.3-cp313-cp313-win_amd64.whl", hash = "sha256:aa47e414623fa6296d9f4ca247296eb55cb49dabecde3342746fa5e84b2d69c1", size = 269080 },
    { url = "https://files.pythonhosted.org/packages/fd/fe/541a90e5d87ed8d9c06f5d4676f733ab84c092f9686622fe6c7c36e47298/cachebox-4.5.3-cp38-cp38-macosx_10_12_x86_64.whl", hash = "sha256:990603410dd22bff379cefef2d0f5fe0994ed46ba0eba16a6ce828e8d7532449", size = 382875 },
    { url = "https://files.pythonhosted.org/packages/92/a3/4eb4d7de5d6ee34439d3962fdb5cd5346c8739b355ce708b9c40cefc7fec/cachebox-4.5.3-cp38-cp38-macosx_11_0_arm64.whl", hash = "sha256:724483b5492ea8c22825dfb96091ed9b439c4c3f6450fc6404a6ba8e2fd79003", size = 345679 },
    { url = "https://files.pythonhosted.org/packages/63/f6/c0c778f4b4b4c648a7b826351e9b6d8abafcb18f88f3754bc9318eb91c10/cachebox-4.5.3-cp38-cp38-manylinux_2_17_aarch64.manylinux2014_aarch64.whl", hash = "sha256:9f6437dca6f94faeded3b2571f93b3ac24b56bd239c74e362ef016db6aebcf3f", size = 362446 },
    { url = "https://files.pythonhosted.org/packages/41/a8/be0076f959f7085696b0613a6a3a7b787ad98391710ae38720aa77c8a6c1/cachebox-4.5.3-cp38-cp38-manylinux_2_17_armv7l.manylinux2014_armv7l.whl", hash = "sha256:5695cc9408089bcf477fa013c18abe549020229802257a17a9f7367361c5be62", size = 391997 },
    { url = "https://files.pythonhosted.org/packages/06/98/d85fbaa8253a5a5e9857801957ec46d7d4c7e65ae35ad0aa1aa8dcc96614/cachebox-4.5.3-cp38-cp38-manylinux_2_17_ppc64le.manylinux2014_ppc64le.whl", hash = "sha256:79e126474a317b89e4b9c2ff02cc0d3cf6116bb7082b20a5f545830bc3ec2ea3", size = 425777 },
    { url = "https://files.pythonhosted.org/packages/ef/4e/88c0e82c024e41f438ef2122840a6cab791e13bba74020f486c61494468d/cachebox-4.5.3-cp38-cp38-manylinux_2_17_s390x.manylinux2014_s390x.whl", hash = "sha256:9504d9434715fdbfe0fb8c132748ff863f236c82bc8ed61a866c2f1d3b298382", size = 631265 },
    { url = "https://files.pythonhosted.org/packages/e9/d4/5f03434eab7cb6ba7d9ac49540916eabbb45bee2a737286937c29cda137a/cachebox-4.5.3-cp38-cp38-manylinux_2_17_x86_64.manylinux2014_x86_64.whl", hash = "sha256:791cdba73bc1faae199a287bad6ad41e17c577623ca1274bce4671c6fd9cf021", size = 391505 },
    { url = "https://files.pythonhosted.org/packages/ab/58/d02fbdaa7fc7a3d6bdff1a05ce4ae6b6d62992f8061da7a3b119949dd759/cachebox-4.5.3-cp38-cp38-manylinux_2_5_i686.manylinux1_i686.whl", hash = "sha256:b1c5d2e7e9318a428f163aa1686e61e837cf9474925a7ba3dd0ede8dc660ced5", size = 410757 },
    { url = "https://files.pythonhosted.org/packages/bb/4b/f7b2a1f3c89e6dae2da93c7d6c3254f2ba742208f9e9d9222fb235054353/cachebox-4.5.3-cp38-cp38-musllinux_1_1_aarch64.whl", hash = "sha256:0e09d20ea88acbf676fd04cf448d9b29a5552723d41e7131544f2def11b11963", size = 543867 },
    { url = "https://files.pythonhosted.org/packages/40/9f/a496d0a5bac763546dcf58610a15449e32ffb1cb08ec5b2aa6d0ae7deac5/cachebox-4.5.3-cp38-cp38-musllinux_1_1_armv7l.whl", hash = "sha256:1973c8b5264ad027d62cfeddb1656460fc7bbe98758fa3334ea8c26c9f39e10e", size = 655170 },
    { url = "https://files.pythonhosted.org/packages/80/fa/851940c7cb2ffcc98987d37394d99538c8d39f089f46b277b170c32ae4fc/cachebox-4.5.3-cp38-cp38-musllinux_1_1_x86_64.whl", hash = "sha256:03b0f82a49e1fa4d2e5b098b67016c3a811d5a0652c03e2676bf751c290af8aa", size = 563430 },
    { url = "https://files.pythonhosted.org/packages/a9/57/85803a96a0ea0642ab6ca9fb827eeaab135cf58a8e247d9f574e209aeae7/cachebox-4.5.3-cp38-cp38-win32.whl", hash = "sha256:2f576086f53c41134fbb3408afab4a6d34c971b354149752fee42ececa8c6783", size = 264476 },
    { url = "https://files.pythonhosted.org/packages/78/a5/adfac5cf79c800877b0f078ebab349c6b1843e7869babd9c51c3218795f6/cachebox-4.5.3-cp38-cp38-win_amd64.whl", hash = "sha256:79b43f98a45a0e28db32a66c21a4d7863ea27970f7fd7bcdf00288d040f4e090", size = 276257 },
    { url = "https://files.pythonhosted.org/packages/75/89/7ae95cfbd6d0cce4452ccb5ff0d14f682f886e1a093fdaf40c5e5cf0451b/cachebox-4.5.3-cp39-cp39-macosx_10_12_x86_64.whl", hash = "sha256:3a62a23676fb3f16391de84a4628dde3f2cb7eca23a54b01a60087c310a1843a", size = 382680 },
    { url = "https://files.pythonhosted.org/packages/d1/23/5a34f568fbb9b8b9320152ff05f2959847963db3273482698308eb0bfebd/cachebox-4.5.3-cp39-cp39-macosx_11_0_arm64.whl", hash = "sha256:82e0ab9621303e7dfa74b323098d98cfe3641cdff45ec6510fc184f939ed5d78", size = 345554 },
    { url = "https://files.pythonhosted.org/packages/d7/ee/5146d3aad79e5754650d69d6a74119694416ca2bec3aefd3e4d532a31404/cachebox-4.5.3-cp39-cp39-manylinux_2_17_aarch64.manylinux2014_aarch64.whl", hash = "sha256:823137869f57151428cd8ba4b96848aad028087a6f43e12045ee632d49055aee", size = 362288 },
    { url = "https://files.pythonhosted.org/packages/35/49/42c360c662300283602450ce734a2e1985a136ee58f022e0fd2604a0e410/cachebox-4.5.3-cp39-cp39-manylinux_2_17_armv7l.manylinux2014_armv7l.whl", hash = "sha256:df0e64758ceae09b03115009ce7173529916126b78f2cc27d673de4808a9ace6", size = 391998 },
    { url = "https://files.pythonhosted.org/packages/67/57/7a525f66f3850423b970f7048ad017ad4f4a872fc97b53f829dd02f4951a/cachebox-4.5.3-cp39-cp39-manylinux_2_17_ppc64le.manylinux2014_ppc64le.whl", hash = "sha256:73e2222b75b735637ec303963e02ed34843a0150d4e8bfdf5b704e630dcb0921", size = 425577 },
    { url = "https://files.pythonhosted.org/packages/2a/3e/a63aea559eed6dab21e66766418ca56da29d2e42193f1c05efb74f31b51d/cachebox-4.5.3-cp39-cp39-manylinux_2_17_s390x.manylinux2014_s390x.whl", hash = "sha256:f011290f71f869c84674460016c2b29d26fac564d86cc072b5a4a8dfd4ab3f8f", size = 631137 },
    { url = "https://files.pythonhosted.org/packages/70/b6/d25d87c2cd6f139d07f93a9c0d5b3fbd6d809a27a3317f2fe28760469256/cachebox-4.5.3-cp39-cp39-manylinux_2_17_x86_64.manylinux2014_x86_64.whl", hash = "sha256:119c1f7c365c0b1653611d72217917c69e12c2af67cffcbcc586d8a6494ad589", size = 391198 },
    { url = "https://files.pythonhosted.org/packages/d2/3d/b56b2b4f28bfcab35c66f6c0e54ab5acd12d47725912939ca1ac5cc91f29/cachebox-4.5.3-cp39-cp39-manylinux_2_5_i686.manylinux1_i686.whl", hash = "sha256:aa08e8aa8c88c588490446b5c5849b910d71d86b5f8f8bce6ebaa588bcdb4ac3", size = 410653 },
    { url = "https://files.pythonhosted.org/packages/3b/1f/45a687e1c8b6842ca0ef22fa005aa85599bee8ecfc65034b95ddd32ffffa/cachebox-4.5.3-cp39-cp39-musllinux_1_1_aarch64.whl", hash = "sha256:d45949f5ed815272fe26cf3a5cdc2d646ec0899b2def52183d39a1574e9c0c3a", size = 543845 },
    { url = "https://files.pythonhosted.org/packages/e5/cc/b62f5010bb66480875b68e4965a4b5278b5b941bc48b27e5860ce4977249/cachebox-4.5.3-cp39-cp39-musllinux_1_1_armv7l.whl", hash = "sha256:dbd0c505ab440292abba74cddd55e3fd875fff1cacd206cb1a28c5fe5866e6de", size = 655189 },
    { url = "https://files.pythonhosted.org/packages/a9/1d/fe81312e1f15fcb26f36000e25e8b25b41a8be4066f133bb563869dffd3b/cachebox-4.5.3-cp39-cp39-musllinux_1_1_x86_64.whl", hash = "sha256:768e571e9fc03ef6b3f20e0aa5f6251e20701c4b15c3e62f036eee26a10971ea", size = 563103 },
    { url = "https://files.pythonhosted.org/packages/f4/25/7111760d19d974ecd9303ba458906eacbc19d6685b2b1ec073eeb3ff2671/cachebox-4.5.3-cp39-cp39-win32.whl", hash = "sha256:f756a401cbfeca662421cc1d4c80af86401dcde1fe5a65b01ff83b8aa3cada91", size = 264344 },
    { url = "https://files.pythonhosted.org/packages/8c/22/f85f3e6f0180eb6bedaae1d40783a99adf15872e2d0b8f7cd72cf36d84bb/cachebox-4.5.3-cp39-cp39-win_amd64.whl", hash = "sha256:a0b1f1f72a968cd959b6cb442ee5534a9aec1a804c9b6585541ebe9ca69c2cf3", size = 275925 },
    { url = "https://files.pythonhosted.org/packages/91/2c/62889e587882d3fe5a4903b8531bec6f6dae0c77129d5c85fa9af86c47dd/cachebox-4.5.3-pp310-pypy310_pp73-macosx_10_12_x86_64.whl", hash = "sha256:cd80b282942c1656466e5ec1acd014e8c19bd7e3ee7a16ffabc9650da2c3f032", size = 383501 },
    { url = "https://files.pythonhosted.org/packages/d2/03/13c86843b0e0e6c6b5c46c505f946c500ecb04deda27726d37c9a52066d0/cachebox-4.5.3-pp310-pypy310_pp73-macosx_11_0_arm64.whl", hash = "sha256:5bc93e56e325207f5d209121fde589bb50f7769503b8fb2bba7fd5ab025dd23f", size = 346232 },
    { url = "https://files.pythonhosted.org/packages/31/9e/c93b0dd5dd4343e837b598d8f0c4206e6af0aa9d025566098d9dbbc2608d/cachebox-4.5.3-pp310-pypy310_pp73-manylinux_2_17_aarch64.manylinux2014_aarch64.whl", hash = "sha256:716d3b24b27e569514e0d890d614f104597309857afaade4d38285b47657dd68", size = 363426 },
    { url = "https://files.pythonhosted.org/packages/d3/04/1aff6976cf396178c94d82d38ddc80e8b907b7aa88dab35e2a3c8b642f78/cachebox-4.5.3-pp310-pypy310_pp73-manylinux_2_17_x86_64.manylinux2014_x86_64.whl", hash = "sha256:78bf953f6bfa00e64da2783619c824ad81012c10136d5703256a9019adbfffed", size = 391679 },
    { url = "https://files.pythonhosted.org/packages/31/e8/0da81aeb602a5f18865e10b278630b1648c6e291fe97c66634b1147a5508/cachebox-4.5.3-pp310-pypy310_pp73-manylinux_2_5_i686.manylinux1_i686.whl", hash = "sha256:3361714ca75e0067328c6fae8243bdcda660ad0916c52abb91cfadafc496f1bc", size = 411897 },
    { url = "https://files.pythonhosted.org/packages/8c/97/975114eb61e4deff0f4fc3187d0342a3fc009cb96f11c4477dff1043b89e/cachebox-4.5.3-pp310-pypy310_pp73-musllinux_1_1_aarch64.whl", hash = "sha256:ae8cd3b317b8755dbd914bce68ea129079080d48d0e534bb7a27b9efd2c94b80", size = 544434 },
    { url = "https://files.pythonhosted.org/packages/e1/15/25f68c3a38850d17573b3315667b51c37f59871b203fae878512903edf23/cachebox-4.5.3-pp310-pypy310_pp73-musllinux_1_1_armv7l.whl", hash = "sha256:925361e7915fdf1652e82a4e3f0a6f562fbe9c1076913d0b09f891d2620bf519", size = 655921 },
    { url = "https://files.pythonhosted.org/packages/c7/a4/b0a66959f00e84c65278ef1b50d1931c70d2c7c3edbafb62631489e3870e/cachebox-4.5.3-pp310-pypy310_pp73-musllinux_1_1_x86_64.whl", hash = "sha256:c6f981ca40c078cce3cb9db31d3d056b28873512d2766b3414811cd756c7419c", size = 563479 },
    { url = "https://files.pythonhosted.org/packages/c6/7f/abd3e8404403b9fb79ad15d1c661c9fb75e49f5d87822edb3f6ae5def457/cachebox-4.5.3-pp39-pypy39_pp73-macosx_10_12_x86_64.whl", hash = "sha256:3b1d90cfb820e422039f498c86e408e3d2aa092523d3afb91e6a26decfb9c637", size = 383493 },
    { url = "https://files.pythonhosted.org/packages/ce/3e/41cd6a795e352092603b4cd0aba00ddbbef7339ae33879579c1719c939e4/cachebox-4.5.3-pp39-pypy39_pp73-macosx_11_0_arm64.whl", hash = "sha256:631e80c73a6ae75b520fbae12e6d3dd9da5e8d6961a16f46d4f2905b8db2a16c", size = 346209 },
    { url = "https://files.pythonhosted.org/packages/3f/0d/559014ffd7d4e7e13f58183610de15c8e6c0281cbe4a4e2e8df42663524e/cachebox-4.5.3-pp39-pypy39_pp73-manylinux_2_17_aarch64.manylinux2014_aarch64.whl", hash = "sha256:fd417d69af5e237326ade869b1508f655ffaaa8f0840f60c7b2c8649ccfa33cc", size = 363407 },
    { url = "https://files.pythonhosted.org/packages/df/af/68bcf2a08a77e6dff0bedebf83a915220daed946d4c31080969d367f6c54/cachebox-4.5.3-pp39-pypy39_pp73-manylinux_2_17_x86_64.manylinux2014_x86_64.whl", hash = "sha256:df638850afcb5118bedf29e900d6d5179f1c0966c6e45c802eb32c85d637f8ef", size = 391679 },
    { url = "https://files.pythonhosted.org/packages/9c/e6/c1d6f023d6bf59231f124c7ac626502347c9b8c8b22987e790d43e08d67d/cachebox-4.5.3-pp39-pypy39_pp73-manylinux_2_5_i686.manylinux1_i686.whl", hash = "sha256:b87feee774916fd682811e51b73075bc522547363204fd8dbd99a89393c71ed5", size = 411894 },
    { url = "https://files.pythonhosted.org/packages/32/a9/d756291b6e62ccbf3b092b59b9ea103290246969343a7791440307934872/cachebox-4.5.3-pp39-pypy39_pp73-musllinux_1_1_aarch64.whl", hash = "sha256:44feaaafbb56e9af54a7d42dfd7c724d3d8eb21e1b3c05ce3f86f4806c942915", size = 544464 },
    { url = "https://files.pythonhosted.org/packages/5c/ab/68b1d33ebe893da45a98ff2ecaa06d302ec752a22f43a00d6da5764afdf0/cachebox-4.5.3-pp39-pypy39_pp73-musllinux_1_1_armv7l.whl", hash = "sha256:ba6c1cac6b3220f211e143da0a91473c943c08d48570668168eb8dfc358e3203", size = 655921 },
    { url = "https://files.pythonhosted.org/packages/65/23/cea3ab924172d6cb0cd7b72d9b79d295a80592f5acb09c9429168194bcdd/cachebox-4.5.3-pp39-pypy39_pp73-musllinux_1_1_x86_64.whl", hash = "sha256:11ae14dec87941522f727a060ab56383188ed20f818762ef17fa91982a26f398", size = 563482 },
]

[[package]]
name = "cachetools"
version = "5.5.2"
source = { registry = "https://pypi.org/simple" }
sdist = { url = "https://files.pythonhosted.org/packages/6c/81/3747dad6b14fa2cf53fcf10548cf5aea6913e96fab41a3c198676f8948a5/cachetools-5.5.2.tar.gz", hash = "sha256:1a661caa9175d26759571b2e19580f9d6393969e5dfca11fdb1f947a23e640d4", size = 28380 }
wheels = [
    { url = "https://files.pythonhosted.org/packages/72/76/20fa66124dbe6be5cafeb312ece67de6b61dd91a0247d1ea13db4ebb33c2/cachetools-5.5.2-py3-none-any.whl", hash = "sha256:d26a22bcc62eb95c3beabd9f1ee5e820d3d2704fe2967cbe350e20c8ffcd3f0a", size = 10080 },
]

[[package]]
name = "click"
version = "8.1.8"
source = { registry = "https://pypi.org/simple" }
dependencies = [
    { name = "colorama", marker = "sys_platform == 'win32'" },
]
sdist = { url = "https://files.pythonhosted.org/packages/b9/2e/0090cbf739cee7d23781ad4b89a9894a41538e4fcf4c31dcdd705b78eb8b/click-8.1.8.tar.gz", hash = "sha256:ed53c9d8990d83c2a27deae68e4ee337473f6330c040a31d4225c9574d16096a", size = 226593 }
wheels = [
    { url = "https://files.pythonhosted.org/packages/7e/d4/7ebdbd03970677812aac39c869717059dbb71a4cfc033ca6e5221787892c/click-8.1.8-py3-none-any.whl", hash = "sha256:63c132bbbed01578a06712a2d1f497bb62d9c1c0d329b7903a866228027263b2", size = 98188 },
]

[[package]]
name = "colorama"
version = "0.4.6"
source = { registry = "https://pypi.org/simple" }
sdist = { url = "https://files.pythonhosted.org/packages/d8/53/6f443c9a4a8358a93a6792e2acffb9d9d5cb0a5cfd8802644b7b1c9a02e4/colorama-0.4.6.tar.gz", hash = "sha256:08695f5cb7ed6e0531a20572697297273c47b8cae5a63ffc6d6ed5c201be6e44", size = 27697 }
wheels = [
    { url = "https://files.pythonhosted.org/packages/d1/d6/3965ed04c63042e047cb6a3e6ed1a63a35087b6a609aa3a15ed8ac56c221/colorama-0.4.6-py2.py3-none-any.whl", hash = "sha256:4f1d9991f5acc0ca119f9d443620b77f9d6b33703e51011c16baf57afb285fc6", size = 25335 },
]

[[package]]
name = "diskcache"
version = "5.6.3"
source = { registry = "https://pypi.org/simple" }
sdist = { url = "https://files.pythonhosted.org/packages/3f/21/1c1ffc1a039ddcc459db43cc108658f32c57d271d7289a2794e401d0fdb6/diskcache-5.6.3.tar.gz", hash = "sha256:2c3a3fa2743d8535d832ec61c2054a1641f41775aa7c556758a109941e33e4fc", size = 67916 }
wheels = [
    { url = "https://files.pythonhosted.org/packages/3f/27/4570e78fc0bf5ea0ca45eb1de3818a23787af9b390c0b0a0033a1b8236f9/diskcache-5.6.3-py3-none-any.whl", hash = "sha256:5e31b2d5fbad117cc363ebaf6b689474db18a1f6438bc82358b024abd4c2ca19", size = 45550 },
]

[[package]]
name = "ffunrun"
version = "0.1.13"
source = { virtual = "." }
dependencies = [
    { name = "click" },
    { name = "funbuild" },
    { name = "funutil" },
]

[package.metadata]
requires-dist = [
    { name = "click", specifier = ">=8.1.8" },
    { name = "funbuild", specifier = ">=1.5.86" },
    { name = "funutil", specifier = ">=1.0.48" },
]

[[package]]
name = "funbuild"
version = "1.5.86"
source = { registry = "https://pypi.org/simple" }
dependencies = [
    { name = "click" },
    { name = "ruff" },
    { name = "toml" },
    { name = "uv" },
]
wheels = [
    { url = "https://files.pythonhosted.org/packages/36/87/12e5ff3c56756ee22d14110e06911867284fce505e24657e069f8b0d160b/funbuild-1.5.86-py3-none-any.whl", hash = "sha256:cc7f036bf3bf766416884b29ab6bd4acfc1fe7708cd0f35c7b135c18e3e2c398", size = 8627 },
]

[[package]]
name = "funutil"
version = "1.0.48"
source = { registry = "https://pypi.org/simple" }
dependencies = [
    { name = "cachebox" },
    { name = "cachetools" },
    { name = "diskcache" },
    { name = "loguru" },
]
sdist = { url = "https://files.pythonhosted.org/packages/ba/84/be8ac279f3d1a9a0c9dc0da2725936e59ba40a876bae6ad1f3c77f8cca83/funutil-1.0.48.tar.gz", hash = "sha256:aa5ab12f45d9b9a0948ee0957f1993d79ea2bae0aa7a992f8cb7ae90a26725d1", size = 17111 }
wheels = [
    { url = "https://files.pythonhosted.org/packages/32/a1/b7847f0c669b43bce608ef837469cbec56c519cd2672777cf712be33990b/funutil-1.0.48-py3-none-any.whl", hash = "sha256:bc3bb2ae13f3049216537fabaa6a84c94e5f74abd55fd803d2062f1cbbf31996", size = 23541 },
]

[[package]]
name = "loguru"
version = "0.7.3"
source = { registry = "https://pypi.org/simple" }
dependencies = [
    { name = "colorama", marker = "sys_platform == 'win32'" },
    { name = "win32-setctime", marker = "sys_platform == 'win32'" },
]
sdist = { url = "https://files.pythonhosted.org/packages/3a/05/a1dae3dffd1116099471c643b8924f5aa6524411dc6c63fdae648c4f1aca/loguru-0.7.3.tar.gz", hash = "sha256:19480589e77d47b8d85b2c827ad95d49bf31b0dcde16593892eb51dd18706eb6", size = 63559 }
wheels = [
    { url = "https://files.pythonhosted.org/packages/0c/29/0348de65b8cc732daa3e33e67806420b2ae89bdce2b04af740289c5c6c8c/loguru-0.7.3-py3-none-any.whl", hash = "sha256:31a33c10c8e1e10422bfd431aeb5d351c7cf7fa671e3c4df004162264b28220c", size = 61595 },
]

[[package]]
name = "ruff"
version = "0.11.4"
source = { registry = "https://pypi.org/simple" }
sdist = { url = "https://files.pythonhosted.org/packages/e8/5b/3ae20f89777115944e89c2d8c2e795dcc5b9e04052f76d5347e35e0da66e/ruff-0.11.4.tar.gz", hash = "sha256:f45bd2fb1a56a5a85fae3b95add03fb185a0b30cf47f5edc92aa0355ca1d7407", size = 3933063 }
wheels = [
    { url = "https://files.pythonhosted.org/packages/9c/db/baee59ac88f57527fcbaad3a7b309994e42329c6bc4d4d2b681a3d7b5426/ruff-0.11.4-py3-none-linux_armv6l.whl", hash = "sha256:d9f4a761ecbde448a2d3e12fb398647c7f0bf526dbc354a643ec505965824ed2", size = 10106493 },
    { url = "https://files.pythonhosted.org/packages/c1/d6/9a0962cbb347f4ff98b33d699bf1193ff04ca93bed4b4222fd881b502154/ruff-0.11.4-py3-none-macosx_10_12_x86_64.whl", hash = "sha256:8c1747d903447d45ca3d40c794d1a56458c51e5cc1bc77b7b64bd2cf0b1626cc", size = 10876382 },
    { url = "https://files.pythonhosted.org/packages/3a/8f/62bab0c7d7e1ae3707b69b157701b41c1ccab8f83e8501734d12ea8a839f/ruff-0.11.4-py3-none-macosx_11_0_arm64.whl", hash = "sha256:51a6494209cacca79e121e9b244dc30d3414dac8cc5afb93f852173a2ecfc906", size = 10237050 },
    { url = "https://files.pythonhosted.org/packages/09/96/e296965ae9705af19c265d4d441958ed65c0c58fc4ec340c27cc9d2a1f5b/ruff-0.11.4-py3-none-manylinux_2_17_aarch64.manylinux2014_aarch64.whl", hash = "sha256:3f171605f65f4fc49c87f41b456e882cd0c89e4ac9d58e149a2b07930e1d466f", size = 10424984 },
    { url = "https://files.pythonhosted.org/packages/e5/56/644595eb57d855afed6e54b852e2df8cd5ca94c78043b2f29bdfb29882d5/ruff-0.11.4-py3-none-manylinux_2_17_armv7l.manylinux2014_armv7l.whl", hash = "sha256:ebf99ea9af918878e6ce42098981fc8c1db3850fef2f1ada69fb1dcdb0f8e79e", size = 9957438 },
    { url = "https://files.pythonhosted.org/packages/86/83/9d3f3bed0118aef3e871ded9e5687fb8c5776bde233427fd9ce0a45db2d4/ruff-0.11.4-py3-none-manylinux_2_17_i686.manylinux2014_i686.whl", hash = "sha256:edad2eac42279df12e176564a23fc6f4aaeeb09abba840627780b1bb11a9d223", size = 11547282 },
    { url = "https://files.pythonhosted.org/packages/40/e6/0c6e4f5ae72fac5ccb44d72c0111f294a5c2c8cc5024afcb38e6bda5f4b3/ruff-0.11.4-py3-none-manylinux_2_17_ppc64.manylinux2014_ppc64.whl", hash = "sha256:f103a848be9ff379fc19b5d656c1f911d0a0b4e3e0424f9532ececf319a4296e", size = 12182020 },
    { url = "https://files.pythonhosted.org/packages/b5/92/4aed0e460aeb1df5ea0c2fbe8d04f9725cccdb25d8da09a0d3f5b8764bf8/ruff-0.11.4-py3-none-manylinux_2_17_ppc64le.manylinux2014_ppc64le.whl", hash = "sha256:193e6fac6eb60cc97b9f728e953c21cc38a20077ed64f912e9d62b97487f3f2d", size = 11679154 },
    { url = "https://files.pythonhosted.org/packages/1b/d3/7316aa2609f2c592038e2543483eafbc62a0e1a6a6965178e284808c095c/ruff-0.11.4-py3-none-manylinux_2_17_s390x.manylinux2014_s390x.whl", hash = "sha256:7af4e5f69b7c138be8dcffa5b4a061bf6ba6a3301f632a6bce25d45daff9bc99", size = 13905985 },
    { url = "https://files.pythonhosted.org/packages/63/80/734d3d17546e47ff99871f44ea7540ad2bbd7a480ed197fe8a1c8a261075/ruff-0.11.4-py3-none-manylinux_2_17_x86_64.manylinux2014_x86_64.whl", hash = "sha256:126b1bf13154aa18ae2d6c3c5efe144ec14b97c60844cfa6eb960c2a05188222", size = 11348343 },
    { url = "https://files.pythonhosted.org/packages/04/7b/70fc7f09a0161dce9613a4671d198f609e653d6f4ff9eee14d64c4c240fb/ruff-0.11.4-py3-none-musllinux_1_2_aarch64.whl", hash = "sha256:e8806daaf9dfa881a0ed603f8a0e364e4f11b6ed461b56cae2b1c0cab0645304", size = 10308487 },
    { url = "https://files.pythonhosted.org/packages/1a/22/1cdd62dabd678d75842bf4944fd889cf794dc9e58c18cc547f9eb28f95ed/ruff-0.11.4-py3-none-musllinux_1_2_armv7l.whl", hash = "sha256:5d94bb1cc2fc94a769b0eb975344f1b1f3d294da1da9ddbb5a77665feb3a3019", size = 9929091 },
    { url = "https://files.pythonhosted.org/packages/9f/20/40e0563506332313148e783bbc1e4276d657962cc370657b2fff20e6e058/ruff-0.11.4-py3-none-musllinux_1_2_i686.whl", hash = "sha256:995071203d0fe2183fc7a268766fd7603afb9996785f086b0d76edee8755c896", size = 10924659 },
    { url = "https://files.pythonhosted.org/packages/b5/41/eef9b7aac8819d9e942f617f9db296f13d2c4576806d604aba8db5a753f1/ruff-0.11.4-py3-none-musllinux_1_2_x86_64.whl", hash = "sha256:7a37ca937e307ea18156e775a6ac6e02f34b99e8c23fe63c1996185a4efe0751", size = 11428160 },
    { url = "https://files.pythonhosted.org/packages/ff/61/c488943414fb2b8754c02f3879de003e26efdd20f38167ded3fb3fc1cda3/ruff-0.11.4-py3-none-win32.whl", hash = "sha256:0e9365a7dff9b93af933dab8aebce53b72d8f815e131796268709890b4a83270", size = 10311496 },
    { url = "https://files.pythonhosted.org/packages/b6/2b/2a1c8deb5f5dfa3871eb7daa41492c4d2b2824a74d2b38e788617612a66d/ruff-0.11.4-py3-none-win_amd64.whl", hash = "sha256:5a9fa1c69c7815e39fcfb3646bbfd7f528fa8e2d4bebdcf4c2bd0fa037a255fb", size = 11399146 },
    { url = "https://files.pythonhosted.org/packages/4f/03/3aec4846226d54a37822e4c7ea39489e4abd6f88388fba74e3d4abe77300/ruff-0.11.4-py3-none-win_arm64.whl", hash = "sha256:d435db6b9b93d02934cf61ef332e66af82da6d8c69aefdea5994c89997c7a0fc", size = 10450306 },
]

[[package]]
name = "toml"
version = "0.10.2"
source = { registry = "https://pypi.org/simple" }
sdist = { url = "https://files.pythonhosted.org/packages/be/ba/1f744cdc819428fc6b5084ec34d9b30660f6f9daaf70eead706e3203ec3c/toml-0.10.2.tar.gz", hash = "sha256:b3bda1d108d5dd99f4a20d24d9c348e91c4db7ab1b749200bded2f839ccbe68f", size = 22253 }
wheels = [
    { url = "https://files.pythonhosted.org/packages/44/6f/7120676b6d73228c96e17f1f794d8ab046fc910d781c8d151120c3f1569e/toml-0.10.2-py2.py3-none-any.whl", hash = "sha256:806143ae5bfb6a3c6e736a764057db0e6a0e05e338b5630894a5f779cabb4f9b", size = 16588 },
]

[[package]]
name = "uv"
version = "0.6.12"
source = { registry = "https://pypi.org/simple" }
sdist = { url = "https://files.pythonhosted.org/packages/9e/d1/b31059e582f8a92f64a4c98e9684840a83048d3547392d9b14186d98c557/uv-0.6.12.tar.gz", hash = "sha256:b6f67fb3458b2c856152b54b54102f0f3b82cfd18fddbbc38b59ff7fa87e5291", size = 3117528 }
wheels = [
    { url = "https://files.pythonhosted.org/packages/19/70/38f27bdd68f7e187125c6f5bf2aa653d844c9baacb4be07410470b8b4d18/uv-0.6.12-py3-none-linux_armv6l.whl", hash = "sha256:cddc4ffb7c5337efe7584d3654875db6812175326100fa8a2b5f5af0b90f6482", size = 16011234 },
    { url = "https://files.pythonhosted.org/packages/3e/f1/0fffa9c63fbf0e54746109fc94c77c09dd805c3f10605715f00a2e6b8fcc/uv-0.6.12-py3-none-macosx_10_12_x86_64.whl", hash = "sha256:3c048a48df0fb7cc905a4a9f727179d0c65661d61b850afa3a5d413d81dac3d4", size = 16122250 },
    { url = "https://files.pythonhosted.org/packages/54/08/b8369dfade56724ce42df1254d7e483d75cdbc535feff60ac9fa2d6672fa/uv-0.6.12-py3-none-macosx_11_0_arm64.whl", hash = "sha256:829999121373dd00990abf35b59da3214977d935021027ae338dd55a7f30daa4", size = 14944312 },
    { url = "https://files.pythonhosted.org/packages/e4/4e/7ff41d3b4b3d6c19276b4f7dd703a7581404fdeabb31756082eb356b72a9/uv-0.6.12-py3-none-manylinux_2_17_aarch64.manylinux2014_aarch64.musllinux_1_1_aarch64.whl", hash = "sha256:ba1348123de4fdddc9fd75007e42ddc4bf0a213e62fe3d278d7ce98c27da144e", size = 15399035 },
    { url = "https://files.pythonhosted.org/packages/e7/1e/879f09d579e1610cddab2a3908ab9c4aaccd0026a1f984c7aabbb0ccbe6e/uv-0.6.12-py3-none-manylinux_2_17_armv7l.manylinux2014_armv7l.whl", hash = "sha256:72ea6424d54b44a21e63e126d11e86c5102e4840cf93c7af712cc2ff23d66e9b", size = 15673445 },
    { url = "https://files.pythonhosted.org/packages/4b/56/22c94b9637770c9851f376886c4b062091858719f64b832c3b7427ef3c91/uv-0.6.12-py3-none-manylinux_2_17_i686.manylinux2014_i686.whl", hash = "sha256:32f2123d3a828857d9757d8bb92c8c4b436f8a420d78364cd6b4bb256f27d8d4", size = 16400873 },
    { url = "https://files.pythonhosted.org/packages/8e/9b/f41b99e547f7d5c2771bb6b28d40d6d97164aaffdf8bda5b132853a81007/uv-0.6.12-py3-none-manylinux_2_17_ppc64.manylinux2014_ppc64.whl", hash = "sha256:27bade3c1fbcd8ca97fad1846693d79d0cd2c7c1a5b752929eae53b78acfacb7", size = 17341617 },
    { url = "https://files.pythonhosted.org/packages/d7/07/2e04fb798f157e536c5a4ab7fe4107e0e82d09d5250c370604793b69cb23/uv-0.6.12-py3-none-manylinux_2_17_ppc64le.manylinux2014_ppc64le.whl", hash = "sha256:9719c163c89c66afa6fd9f82bc965a02ac4d048908f67ebc2a5384de2d8a5205", size = 17098181 },
    { url = "https://files.pythonhosted.org/packages/c8/f2/91a2e20f55a146bcb4efbdddd5b073137660eb5b22b0b54bbd00fe0256a7/uv-0.6.12-py3-none-manylinux_2_17_s390x.manylinux2014_s390x.whl", hash = "sha256:5e26dd9aa9b52acf8cec4cca50b0158733f8d94e2a23b6d2910d09162ccfa4d8", size = 21278391 },
    { url = "https://files.pythonhosted.org/packages/bc/86/710fd8fa0186539fac8962ecd5cb738e6e93452877c1fbfdf5ea5bfc32da/uv-0.6.12-py3-none-manylinux_2_17_x86_64.manylinux2014_x86_64.whl", hash = "sha256:6932436148b8c300aa143e1c38b2711ad1ec27ef22bf61036baf6257d8026250", size = 16762542 },
    { url = "https://files.pythonhosted.org/packages/bb/7f/e11acbbd863ffad2edefdfb57e3cc8e6ab147994f11893ec734eb24aa959/uv-0.6.12-py3-none-manylinux_2_28_aarch64.whl", hash = "sha256:15d747d024a93eb5bc9186a601e97c853b9600e522219a7651b4b2041fa6de72", size = 15647309 },
    { url = "https://files.pythonhosted.org/packages/92/d7/034962db8bac194d97c91a1a761205f8bbfbfe0f4a3bbc05e19394e5a1ac/uv-0.6.12-py3-none-musllinux_1_1_armv7l.whl", hash = "sha256:4288d00e346fe82847d90335fb812ba5dd27cae6a4d1fcb7f14c8a9eefd46a1d", size = 15705972 },
    { url = "https://files.pythonhosted.org/packages/cc/66/55fe8e114460037736a89df83f7d19ac4d6f761c8634f0d362c5a397d571/uv-0.6.12-py3-none-musllinux_1_1_i686.whl", hash = "sha256:98e0dfcd102d1630681eb73f03e1b307e0487a2e714f22adf6bea3d7bd83d40b", size = 16016347 },
    { url = "https://files.pythonhosted.org/packages/37/7e/f1c95f34de2016d3dba40aad32f15efe21915f128aa7d4f455e0251227e6/uv-0.6.12-py3-none-musllinux_1_1_x86_64.whl", hash = "sha256:78f44b83fe4b0e1c747cd5a9d04532e9e4558b63658a7784539a429dbb189160", size = 16902438 },
    { url = "https://files.pythonhosted.org/packages/aa/4a/a355d564a80d18e43a66b9317ff3348986da9621ec2967dbca279c33de08/uv-0.6.12-py3-none-win32.whl", hash = "sha256:28d207fc832909e19b08cbc6d00b849b3951b358d67926cb1b355467d10dace4", size = 16136117 },
    { url = "https://files.pythonhosted.org/packages/65/3a/62ac4182edaf27006a4e7d01a058595b871f226f760204fd765f34610415/uv-0.6.12-py3-none-win_amd64.whl", hash = "sha256:2af26986a94a91cad1805d59e76f529c57dcbb69b37f51e329754c254b90ace2", size = 17582809 },
    { url = "https://files.pythonhosted.org/packages/9f/d5/26b7b5eaa766e7927dca40777aa20c7f685c3ed7aa0bd9fe8f89af46cc8d/uv-0.6.12-py3-none-win_arm64.whl", hash = "sha256:3a016661589c422413acdf2c238cd461570b3cde77a690cbd37205dc21fc1c09", size = 16319209 },
]

[[package]]
name = "win32-setctime"
version = "1.2.0"
source = { registry = "https://pypi.org/simple" }
sdist = { url = "https://files.pythonhosted.org/packages/b3/8f/705086c9d734d3b663af0e9bb3d4de6578d08f46b1b101c2442fd9aecaa2/win32_setctime-1.2.0.tar.gz", hash = "sha256:ae1fdf948f5640aae05c511ade119313fb6a30d7eabe25fef9764dca5873c4c0", size = 4867 }
wheels = [
    { url = "https://files.pythonhosted.org/packages/e1/07/c6fe3ad3e685340704d314d765b7912993bcb8dc198f0e7a89382d37974b/win32_setctime-1.2.0-py3-none-any.whl", hash = "sha256:95d644c4e708aba81dc3704a116d8cbc974d70b3bdb8be1d150e36be6e9d1390", size = 4083 },
]
