version = 1
revision = 1
requires-python = ">=3.8"

[[package]]
name = "cachebox"
version = "4.5.2"
source = { registry = "https://pypi.org/simple" }
sdist = { url = "https://files.pythonhosted.org/packages/57/34/1f754d1e081ddc907407a2a3b4f6607cd7d2bbf3e51bfd11c2b15e67bc22/cachebox-4.5.2.tar.gz", hash = "sha256:53700a5f52a611a0d433c6469eedff25b4dff13ce27f30548a0efc900a82196d", size = 56330 }
wheels = [
    { url = "https://files.pythonhosted.org/packages/f1/74/321af4a59d4920088b9fe399cec23a70ca7e6580e807942562baa56a4a82/cachebox-4.5.2-cp310-cp310-macosx_10_12_x86_64.whl", hash = "sha256:525c0bf2ec85f6ccf90566175dae7c0062a270ad711a93ea86a31bb9f615a2bd", size = 382417 },
    { url = "https://files.pythonhosted.org/packages/0e/ed/289b545de023678bb8d8b3c4f8fc21555b5d94276a84fdff4b4a08a31f60/cachebox-4.5.2-cp310-cp310-macosx_11_0_arm64.whl", hash = "sha256:4a74273c250eb13b173f3fe5edf98b78a2f5d51d830167a28b160e243ff6a2f8", size = 345370 },
    { url = "https://files.pythonhosted.org/packages/60/99/8b8757f4a6c383af22fc29e5b2b5081fc0c66c7cd3263ba922c5ca1ba897/cachebox-4.5.2-cp310-cp310-manylinux_2_17_aarch64.manylinux2014_aarch64.whl", hash = "sha256:4ce8e052c33bd4a2e0e0d7008accb04d542ccc791d4e89a7e428b788a96a227c", size = 362075 },
    { url = "https://files.pythonhosted.org/packages/de/59/7847ebe9908887373bdfb42e7329cd31c8847a274d7e3cb0058ac8e1c23a/cachebox-4.5.2-cp310-cp310-manylinux_2_17_armv7l.manylinux2014_armv7l.whl", hash = "sha256:07537bd0d901a4330ef195642346786b6792b811df5b92e4a243c4585917a886", size = 391748 },
    { url = "https://files.pythonhosted.org/packages/99/c3/054275f51d2d6deeb44cbd25d0a24348da28a5abcefc9cfdfee75108dbf9/cachebox-4.5.2-cp310-cp310-manylinux_2_17_ppc64le.manylinux2014_ppc64le.whl", hash = "sha256:33dcbd384b52edb3aad68517de35767734e4e1fb76e35df3cee95bbc9b661bce", size = 425544 },
    { url = "https://files.pythonhosted.org/packages/a2/02/104841c1bdc2c61271faf05b60bc3edc8201ef9699ae25819b4f5a697dea/cachebox-4.5.2-cp310-cp310-manylinux_2_17_s390x.manylinux2014_s390x.whl", hash = "sha256:d1a084c6721522c2b07a4733e1f39dc5e1dd7ab5deb77bfeeb43e2f31ceccfa7", size = 630810 },
    { url = "https://files.pythonhosted.org/packages/5f/57/d4344a7d08907d3393432be847b62c063674ca107e1f8570d00dde2c6354/cachebox-4.5.2-cp310-cp310-manylinux_2_17_x86_64.manylinux2014_x86_64.whl", hash = "sha256:4eb390b428b1b51a6849f5a0a9d32f804782e1fa5a6f48b4ccbacb84016fbbbc", size = 391022 },
    { url = "https://files.pythonhosted.org/packages/c1/d5/687d9e9cd4066d7c2931d95e79d4531cd31b2af1ec0d0d27875eea235733/cachebox-4.5.2-cp310-cp310-manylinux_2_5_i686.manylinux1_i686.whl", hash = "sha256:dd0b3a22dd17f929fe154017a1880040a34d3fe05e08a9433179b5551f4592b9", size = 410219 },
    { url = "https://files.pythonhosted.org/packages/51/3f/e2171cc461b67b34fd8382a56529eb6213d5f6b5b056f46ce0df82667485/cachebox-4.5.2-cp310-cp310-musllinux_1_1_aarch64.whl", hash = "sha256:97c69871d7adb7ba0fd566679fdf869c4053f52cc5ccf16a1af8b292742c6c82", size = 543516 },
    { url = "https://files.pythonhosted.org/packages/6b/ab/0039ace9d7c40d10125d0fb3438ae8de99427f7a88b79630dcd1ceed290c/cachebox-4.5.2-cp310-cp310-musllinux_1_1_armv7l.whl", hash = "sha256:becfb27b733f9d656d678b6c33dce13dc55bf4037adcc22f2d05d1089efe4661", size = 654884 },
    { url = "https://files.pythonhosted.org/packages/92/fa/7dbb9750c5f1bdb74b4e31989ac4b4da364d677ad5602591959d94d491aa/cachebox-4.5.2-cp310-cp310-musllinux_1_1_x86_64.whl", hash = "sha256:584414bffc441b48967af908cb1725d058c1251824537a7628a422c3b518691a", size = 562786 },
    { url = "https://files.pythonhosted.org/packages/fa/68/6dd4cf0eccfdc8f360752b6312b30417e21e454446b126ce7a70b7cbcaae/cachebox-4.5.2-cp310-cp310-win32.whl", hash = "sha256:8e62d26abb4e4bd7301735f4e47511f3a5843e4ad51dbcd2ff921059c5fd72c4", size = 270142 },
    { url = "https://files.pythonhosted.org/packages/e4/d5/a6bbfb1f91afda4d561c3294f1da1565b127dcb03c662ecf0bdbb47863d0/cachebox-4.5.2-cp310-cp310-win_amd64.whl", hash = "sha256:eaec53e683cdde7363bf85b2949768d6cc5865e8aea6f92d60766c9741e5026a", size = 280378 },
    { url = "https://files.pythonhosted.org/packages/5c/52/7ea0ab375ddb501a29cfcbd52a3d35fec96a06f09602a3ad3f2ff6517551/cachebox-4.5.2-cp311-cp311-macosx_10_12_x86_64.whl", hash = "sha256:8324d82989e9c2bd3955157e936812aed68cf24131159429495beddb0c41a8d8", size = 382238 },
    { url = "https://files.pythonhosted.org/packages/c4/90/ddbd340697950717430e03416077339adaf3ddbd104b2814e7271162d1a0/cachebox-4.5.2-cp311-cp311-macosx_11_0_arm64.whl", hash = "sha256:cad63497b904d793b1fcff9db7e82bcfa14f1a25ea0953da3549c1390bad197b", size = 345452 },
    { url = "https://files.pythonhosted.org/packages/ea/62/5c71f5760b4880879061171431bc582f7ede5aad719ca6df2db2865a5a58/cachebox-4.5.2-cp311-cp311-manylinux_2_17_aarch64.manylinux2014_aarch64.whl", hash = "sha256:49775f16209766e7a7adb71942567028c89c989084e677b2cbbf110b1623b16c", size = 361566 },
    { url = "https://files.pythonhosted.org/packages/33/fe/1ef8c87a77d39417920341c6c0e0e511393da72afb9964b5f0e8d1e4bf80/cachebox-4.5.2-cp311-cp311-manylinux_2_17_armv7l.manylinux2014_armv7l.whl", hash = "sha256:3f9b0aadfad9c9a32a0c46d5753a227928fd41e58cb788ebf7bbaa36f496470b", size = 391556 },
    { url = "https://files.pythonhosted.org/packages/fa/99/9cea6d24652ed8852c2a5b5d8d38b9c88d90765b77835e119305347febc3/cachebox-4.5.2-cp311-cp311-manylinux_2_17_ppc64le.manylinux2014_ppc64le.whl", hash = "sha256:eb7bb896de3fa3b24e47399a8d57c54ae9f552e7721537cd33b94a7783ed14f3", size = 425198 },
    { url = "https://files.pythonhosted.org/packages/7d/2b/b782055c106ca18e3de11fb8dd1145881ba9244d500cd0651d1052128796/cachebox-4.5.2-cp311-cp311-manylinux_2_17_s390x.manylinux2014_s390x.whl", hash = "sha256:a63dbbcff413e2afa9b194d802f2a91856655ff7581cf5f09bc69fb25153026a", size = 630369 },
    { url = "https://files.pythonhosted.org/packages/5d/05/e00f55b55513439bcd26afa17e70d60e32c7a77e243a8e087080f868f774/cachebox-4.5.2-cp311-cp311-manylinux_2_17_x86_64.manylinux2014_x86_64.whl", hash = "sha256:371fa99aa53e96578432f03cd07d87943625205e713d99be9b5cc97bc7a9edbd", size = 390709 },
    { url = "https://files.pythonhosted.org/packages/4a/17/a401bc06728c646565d4dd270346218656c90fd859ff022d84c526bddb0f/cachebox-4.5.2-cp311-cp311-manylinux_2_5_i686.manylinux1_i686.whl", hash = "sha256:c977c3ab822caac8fc4452b5587c161ba7a61f5ec59df8c7e25fbe596eea9b18", size = 409568 },
    { url = "https://files.pythonhosted.org/packages/8a/a7/9dfc034d31c0494ebf4a76f9426921ee09672c94166e6e99d962b86a420b/cachebox-4.5.2-cp311-cp311-musllinux_1_1_aarch64.whl", hash = "sha256:d9d3d37fa84618a5f6f4fe0e83d5f0cf4df89d104d254b3d6568f4fa08092c5e", size = 543109 },
    { url = "https://files.pythonhosted.org/packages/38/f9/dcfdd69a41be49b6498b6dcbee9bd0b346c78edcbf67053d6e6d2276a625/cachebox-4.5.2-cp311-cp311-musllinux_1_1_armv7l.whl", hash = "sha256:acda48687e2025a6a501b9b5cdcda2f44fefd4f5ccf30357d6ad24f1e8f2460a", size = 654691 },
    { url = "https://files.pythonhosted.org/packages/1a/c0/86e889f65f4ff77d010114e151b1674323f7c6e60bf9ae21f36b3824bced/cachebox-4.5.2-cp311-cp311-musllinux_1_1_x86_64.whl", hash = "sha256:abd8eac7cb203357a39b97fb9deff0688c46a2a808a157a58e5e0a61352fd6c0", size = 562475 },
    { url = "https://files.pythonhosted.org/packages/67/14/81bb54be374c7b72011815368c83ea95f52e6b18e527bcd0fb291c511b06/cachebox-4.5.2-cp311-cp311-win32.whl", hash = "sha256:f42e1be9bc65f83eed33e3761c2c3a8d07e0be7d5d8afd8b62f94431a3ccd996", size = 270089 },
    { url = "https://files.pythonhosted.org/packages/11/00/290e418ad9a384e8d8ccaf7923dbf98134147ed3ee8f2277cd159fe2663a/cachebox-4.5.2-cp311-cp311-win_amd64.whl", hash = "sha256:c3abed9a3de4439132df3519831560fe4c49b3f0301ac3206a5d69f34db832e9", size = 280193 },
    { url = "https://files.pythonhosted.org/packages/59/62/4acdf2c225a1f2b8d321d6d4bde03f4c5299064d20d12189ff9c99abb3ce/cachebox-4.5.2-cp312-cp312-macosx_10_12_x86_64.whl", hash = "sha256:5444497aef10b571c49d39b584ff42da0d3477374fef6e0bf899bb08eb79bc0d", size = 369699 },
    { url = "https://files.pythonhosted.org/packages/fc/1a/3bcf1e1128ee0861f0310d9ac8ee7b33a0c6ac28510a8e1f89c710b7aaf5/cachebox-4.5.2-cp312-cp312-macosx_11_0_arm64.whl", hash = "sha256:bb791e92b3e9c84b258314d74ba13777e41f87160dc1c32bbf5e57b7fb1bd3e1", size = 332658 },
    { url = "https://files.pythonhosted.org/packages/a0/0b/3f26083e8542e9964963f4530698759f05e08a1d0ae06105a12477f5d6fa/cachebox-4.5.2-cp312-cp312-manylinux_2_17_aarch64.manylinux2014_aarch64.whl", hash = "sha256:e7304af332ef862c5cfef90d54e16c0723720ff55d2c376632c238282cf9dd04", size = 356537 },
    { url = "https://files.pythonhosted.org/packages/19/2e/9709009b264f1364dcefaf41858c947e7c0cac85cd689572a6d33c82dcf6/cachebox-4.5.2-cp312-cp312-manylinux_2_17_armv7l.manylinux2014_armv7l.whl", hash = "sha256:0dd84882ec4284b5a57fa86303d4006818dfad8bd28bfb6fabab2de5039b4e07", size = 388985 },
    { url = "https://files.pythonhosted.org/packages/7a/b3/9d4e5121d3d798d2cab038bce435e9faf41f783f1242ac1bdb2612b2740b/cachebox-4.5.2-cp312-cp312-manylinux_2_17_ppc64le.manylinux2014_ppc64le.whl", hash = "sha256:b2cc73a7872f4987c93379a8b01cb075abc6dbfac4494d85aafb4be5dc2f5c6a", size = 419768 },
    { url = "https://files.pythonhosted.org/packages/a8/48/98fe3a110a22152627db951c577bef75060e1f3b95c6435238fff7b59bc6/cachebox-4.5.2-cp312-cp312-manylinux_2_17_s390x.manylinux2014_s390x.whl", hash = "sha256:8f551e52bf3a9493a8ffd778b8df64942b0a9c48ad137ccc2747021e70e01902", size = 624546 },
    { url = "https://files.pythonhosted.org/packages/cf/84/e461f1ab68df84a9aea75ddfb6d38ac47f90f4f0a094cc41d2080aacca16/cachebox-4.5.2-cp312-cp312-manylinux_2_17_x86_64.manylinux2014_x86_64.whl", hash = "sha256:78e94084800d76a26dff137027f8665399eb79a23b3dffbcc32a87d5c95cd512", size = 385250 },
    { url = "https://files.pythonhosted.org/packages/e7/a6/1d654524eca579c9d0559bfd9c17b5d512b5de4fb7680ec4e01d5e01104b/cachebox-4.5.2-cp312-cp312-manylinux_2_5_i686.manylinux1_i686.whl", hash = "sha256:47f4545938dedbcde1c4f1f1224fce1520128ef085c61c8c308e671c6a606c9a", size = 402954 },
    { url = "https://files.pythonhosted.org/packages/42/24/170852124a0ec6223839f0065f0896f324712ecd4c5c8d0712daeac4646d/cachebox-4.5.2-cp312-cp312-musllinux_1_1_aarch64.whl", hash = "sha256:6cd6d8b1194269bad96a539e75700150ee5e7f62db65aa6a64ff2b1de8a76846", size = 535913 },
    { url = "https://files.pythonhosted.org/packages/46/82/d104307eebe0a3bdc86db2c60ff2fa610b2cad4eb2427977262f7651530f/cachebox-4.5.2-cp312-cp312-musllinux_1_1_armv7l.whl", hash = "sha256:929429f7f99fc0097cec81e410421d1d1c74cd839895f9656e62e200aa61f8c5", size = 652240 },
    { url = "https://files.pythonhosted.org/packages/0a/17/373024c55260940e3101af35f672ea2dc89b8f10a52de07e376f8837ebc4/cachebox-4.5.2-cp312-cp312-musllinux_1_1_x86_64.whl", hash = "sha256:1b6ae71562604069865607170de6007a7892f84e4272b23e7abe9de2b7d29301", size = 556788 },
    { url = "https://files.pythonhosted.org/packages/76/2e/4930fe41e93e9c054068cfc88710707f9558ff55d0f861fde30ab3be2316/cachebox-4.5.2-cp312-cp312-win32.whl", hash = "sha256:d1c5a28d01ee5cbfe7005123eda6dc0930062cee52d7cbb1066ab5461471b2a5", size = 264846 },
    { url = "https://files.pythonhosted.org/packages/9c/a1/02201949498c9ec544d89a6f7950c5c9f472ff2bbb573bda743c61e178a7/cachebox-4.5.2-cp312-cp312-win_amd64.whl", hash = "sha256:fb34b382e77faeab354f1467087712b867d03a0eb1144c10edc2380a79550179", size = 275414 },
    { url = "https://files.pythonhosted.org/packages/c7/8a/896e8fadabf8c449259b79c9de65a05e7c5ee03fb547f98c20ee36651120/cachebox-4.5.2-cp313-cp313-macosx_10_12_x86_64.whl", hash = "sha256:93507720cd825d1f96dd296bd6b6ffa0da78c202233e05daa027d269b76d8c12", size = 369383 },
    { url = "https://files.pythonhosted.org/packages/5c/c0/5b091e81a2842bfd793316381d772e743cc7f2c00814eb30c412c5a39231/cachebox-4.5.2-cp313-cp313-macosx_11_0_arm64.whl", hash = "sha256:f99936ed9f3dd3d87b7e476348a22a3638ec08e873e62c9ad3e440d760b272bf", size = 332248 },
    { url = "https://files.pythonhosted.org/packages/0b/e5/9b21ea31073268e342f9810c3b6839a007c9e1bc75bd3693e68def5a9830/cachebox-4.5.2-cp313-cp313-manylinux_2_17_aarch64.manylinux2014_aarch64.whl", hash = "sha256:3796b0c62190ad5b901801af0f5bc270d1197542cb5e3cea04e2e3b2806d7816", size = 356258 },
    { url = "https://files.pythonhosted.org/packages/1e/3f/96103c47248ac6c0e28e20f8725119f8538970c1850e6ec1ba3ef74147e5/cachebox-4.5.2-cp313-cp313-manylinux_2_17_armv7l.manylinux2014_armv7l.whl", hash = "sha256:0fafbc0eafd8440a754d2f4efe176681a7399f534911d2bc563acd794d9f6eb1", size = 388760 },
    { url = "https://files.pythonhosted.org/packages/0b/32/4884dc578b8f7787ef5c74866becd574756271d88d6b8604474f8d6eaf8b/cachebox-4.5.2-cp313-cp313-manylinux_2_17_ppc64le.manylinux2014_ppc64le.whl", hash = "sha256:437dbcb8584446f75f4228eea6bd735c1fdcb8a9a5cc41c6d473241567317087", size = 419575 },
    { url = "https://files.pythonhosted.org/packages/4a/8c/60c41741f587ef94ee2e6fdf3475eeaaeb700d02217908440e51934e4107/cachebox-4.5.2-cp313-cp313-manylinux_2_17_s390x.manylinux2014_s390x.whl", hash = "sha256:7dcedda5cbf70f1235a4632a7a903ae7b61a6788b62c25a58457435ab01de173", size = 624003 },
    { url = "https://files.pythonhosted.org/packages/50/82/f933b23bc2c5a4ca9c56dcb521eafb4cf2f2aa478dceb0e930264b52fbd9/cachebox-4.5.2-cp313-cp313-manylinux_2_17_x86_64.manylinux2014_x86_64.whl", hash = "sha256:b024e80721922144ed050aa344a7297de5ed6c359f062783537ae77a63cb434c", size = 384986 },
    { url = "https://files.pythonhosted.org/packages/a6/66/09712e32044fab4f248fbfab64e6cd37bb1d029fa9fdf89401b9ac348b2d/cachebox-4.5.2-cp313-cp313-manylinux_2_5_i686.manylinux1_i686.whl", hash = "sha256:a20fed2c955db9d122a2387c5090896134743386b7aad4577a8a31122eab8a8d", size = 402652 },
    { url = "https://files.pythonhosted.org/packages/6d/14/57ba540bbee87828a47a1ce2e052ce757c324cfedc7de7875235775df3f6/cachebox-4.5.2-cp313-cp313-musllinux_1_1_aarch64.whl", hash = "sha256:39b4b581f8452030bf5f788f3edaf26b12aba1e49a2c40dcc5690d21ce56361e", size = 535693 },
    { url = "https://files.pythonhosted.org/packages/cd/bf/8f6d3f6482dcd11978af6673f4d0a0f572d6a4beb58aab054ffd8ffd1a58/cachebox-4.5.2-cp313-cp313-musllinux_1_1_armv7l.whl", hash = "sha256:c681959cacaf64567a2c5adce2fac77ed3885e44ec08254c0cc577fc5de19d37", size = 652099 },
    { url = "https://files.pythonhosted.org/packages/81/d4/4f31f7beb6dc40610e0c9dfae6d86e5de9ae8ef72caf81841e1b5acc24d9/cachebox-4.5.2-cp313-cp313-musllinux_1_1_x86_64.whl", hash = "sha256:fea604d78ae277d3926040a4e8884f47ca9bf6f990d0b8566f8d5a618cd9b0aa", size = 556679 },
    { url = "https://files.pythonhosted.org/packages/13/2e/8337244676c8124767dd42f035edf0eeba301c320564c35e037d6c888688/cachebox-4.5.2-cp313-cp313-win32.whl", hash = "sha256:0127afad7ceb477c50a80bbec679861599bb257f6dcde0b8a910f3d6d143e917", size = 264790 },
    { url = "https://files.pythonhosted.org/packages/94/5f/00f6722f4c32a56e80e70db83c46fa9cf08870b633659eb78b0c71e36003/cachebox-4.5.2-cp313-cp313-win_amd64.whl", hash = "sha256:ead753246dc164888fa1003b215a23c385e1b340560c58dfc37d9cfb5ed300de", size = 275185 },
    { url = "https://files.pythonhosted.org/packages/ff/8b/e0fead747a69a94e5b82c40f49fec2009f0e7c7c13a4abec73538b5b9da0/cachebox-4.5.2-cp38-cp38-macosx_10_12_x86_64.whl", hash = "sha256:13dd5113c66f0fc831ae10e224c542bb1ae571b0dbbd7ac255bcdb1df31be940", size = 382854 },
    { url = "https://files.pythonhosted.org/packages/da/d5/b51fe1050704e96d33ba50506b7488ca4017764c35bc2f735431235e4e01/cachebox-4.5.2-cp38-cp38-macosx_11_0_arm64.whl", hash = "sha256:a13137523c161cbd61379b6db217077df7ec88d38cfc585d40b0d03579c2d868", size = 345733 },
    { url = "https://files.pythonhosted.org/packages/96/b3/cde1da48803c511564882ffc50a92e9243fa2a53dfdb8e4001defcae4f86/cachebox-4.5.2-cp38-cp38-manylinux_2_17_aarch64.manylinux2014_aarch64.whl", hash = "sha256:92b6d28d943a4c5c0b2c029847c33fc15b15eaca7bf0701295af06221f89a36b", size = 362406 },
    { url = "https://files.pythonhosted.org/packages/82/b4/1cefc0e4084895f581706e77352005885fe58cc3e674ae43c6f20314a3b4/cachebox-4.5.2-cp38-cp38-manylinux_2_17_armv7l.manylinux2014_armv7l.whl", hash = "sha256:36029ef05e7ea823d349f45afe5b9f9ad01a7267bcdf12570573b03f99956fd4", size = 391989 },
    { url = "https://files.pythonhosted.org/packages/39/4a/603fc059fe062c2577780f41b7fd4df12d0d877400614fe9a91d54c9d1ac/cachebox-4.5.2-cp38-cp38-manylinux_2_17_ppc64le.manylinux2014_ppc64le.whl", hash = "sha256:a16e90e4fead396b5a41f246b5f158a14248f2a74c07b4b1392643ee0ab8b6a1", size = 425684 },
    { url = "https://files.pythonhosted.org/packages/29/36/fd99e32f7010fa4a631bb7e0207c8740c8a545658ba631fb23aa72041205/cachebox-4.5.2-cp38-cp38-manylinux_2_17_s390x.manylinux2014_s390x.whl", hash = "sha256:5627dc2cb631e45d7f64b8316553490b69a101e6df80936e112a407ef28624d7", size = 631197 },
    { url = "https://files.pythonhosted.org/packages/d7/dc/df4aad32867a0738bb9f238ee1152244c61d3cb42afcb1d2d3c6eac553d1/cachebox-4.5.2-cp38-cp38-manylinux_2_17_x86_64.manylinux2014_x86_64.whl", hash = "sha256:244593dde7cbac220c1abeac2d43cb37c321dc54d0df8f3101b391d223c24c0d", size = 391532 },
    { url = "https://files.pythonhosted.org/packages/69/eb/3541a3084f7b3e6d542c71bc6ff0d5933ac622cadee1b81ea32168dde775/cachebox-4.5.2-cp38-cp38-manylinux_2_5_i686.manylinux1_i686.whl", hash = "sha256:4fc82269dc6469facbcffb0832d0b34985110b72e166da0703ce48b0ee8ecdae", size = 410711 },
    { url = "https://files.pythonhosted.org/packages/05/ec/edbe571ae18132e00c8f6daebd237d1a7ce7da4fe976228994c1ca42049e/cachebox-4.5.2-cp38-cp38-musllinux_1_1_aarch64.whl", hash = "sha256:3e6a07d94dd90861fbd5c6c69f1227b0c030e060b20deac33ce50fc617647788", size = 543794 },
    { url = "https://files.pythonhosted.org/packages/ca/37/45a787a4e3a022607a375b102196918f7faee53f93b02b704cf3ab882e03/cachebox-4.5.2-cp38-cp38-musllinux_1_1_armv7l.whl", hash = "sha256:571dce701d7511b996f5055c7bf7629dd9ae9bd548db63cced4dab1c3b995d97", size = 655121 },
    { url = "https://files.pythonhosted.org/packages/66/23/9653e2d6379b272249c8520f5ced314657e512e9561fc81d1f6ab2285692/cachebox-4.5.2-cp38-cp38-musllinux_1_1_x86_64.whl", hash = "sha256:e0876fddf4b6fdbb055f09c9975d67eac348e6fff34a2680f2b17db180f7d829", size = 563411 },
    { url = "https://files.pythonhosted.org/packages/db/33/d34919434a949c90943b8a0b5d805e6a781785f9f888932a75811a3b7147/cachebox-4.5.2-cp38-cp38-win32.whl", hash = "sha256:e1c17461d6e256eb2865a31059a276671a3b547fc49c9adc0ffc3dee0a90952f", size = 270557 },
    { url = "https://files.pythonhosted.org/packages/da/c2/0a58126cda388ad82beaf9251b829f2dec580b36cef2d987ef9b8a79e67e/cachebox-4.5.2-cp38-cp38-win_amd64.whl", hash = "sha256:c1cd6e24a77df62c4918001c52f62453daa98a0ac49366520df3f8d0dbe46148", size = 280632 },
    { url = "https://files.pythonhosted.org/packages/61/48/4d40dab3eb435a7f428b66de8ccdc501471751b467ca3f3eb31d7fb8d34b/cachebox-4.5.2-cp39-cp39-macosx_10_12_x86_64.whl", hash = "sha256:bc747d688eaf4c91b6c5d5e70161ebbbbdc0b4392962ec350b76217b0489a65c", size = 382693 },
    { url = "https://files.pythonhosted.org/packages/a8/2e/73129e5e262c06b925eae0cae8c0c2bcf4dffe117f2c3448081e89139ccf/cachebox-4.5.2-cp39-cp39-macosx_11_0_arm64.whl", hash = "sha256:409f3ce10767178130bcea24dba1a95de888d3b875473069748a6a13bea94bd1", size = 345522 },
    { url = "https://files.pythonhosted.org/packages/4d/02/6358c6bef331380ecc3a14845fdcf85d34d64c54b4199a54ab4896238473/cachebox-4.5.2-cp39-cp39-manylinux_2_17_aarch64.manylinux2014_aarch64.whl", hash = "sha256:94f8226c81aeba92b12bc3e51a832c4a965e322e0b850000a241618c6e7d4cb5", size = 362172 },
    { url = "https://files.pythonhosted.org/packages/b7/bb/7f49afa8756b8a7d4a37e03df3c1d1eae5e8ee5a1d899cc7ec3a5fe0c095/cachebox-4.5.2-cp39-cp39-manylinux_2_17_armv7l.manylinux2014_armv7l.whl", hash = "sha256:5c5900d1ceedde437f2efe5ff1db3b98b38b0f70317bfa89ad220877271f6f66", size = 391954 },
    { url = "https://files.pythonhosted.org/packages/f5/eb/399b32ca223a4ac3349e36ae7ed52277077209510f016fc108d481a7bc57/cachebox-4.5.2-cp39-cp39-manylinux_2_17_ppc64le.manylinux2014_ppc64le.whl", hash = "sha256:40ae9fb5b961513100330aa0a93b68b9364df3ca431983aa9fdebc72a0c19258", size = 425660 },
    { url = "https://files.pythonhosted.org/packages/10/50/7af19f5ccbbb0972e8e30ed1003f4b4d84e25998ccc52ae1dd6639545a1b/cachebox-4.5.2-cp39-cp39-manylinux_2_17_s390x.manylinux2014_s390x.whl", hash = "sha256:51b5a2383b780fbdcd19be53bb8a70e295688e2f60918391fd308f16f5520007", size = 631194 },
    { url = "https://files.pythonhosted.org/packages/3d/ba/4fb7240a0a5855fbccb855ba42293523ea9eff7cc26443511dca9ecc454d/cachebox-4.5.2-cp39-cp39-manylinux_2_17_x86_64.manylinux2014_x86_64.whl", hash = "sha256:5b1fbd1e7767e9f732c7187ccfa1ffddec249dbd77b30ace20f51b77c186a61f", size = 391247 },
    { url = "https://files.pythonhosted.org/packages/76/d3/4bbd9487fa5ac7bfe754a900423ca39d27921570e47c64ddd6cf228bcddd/cachebox-4.5.2-cp39-cp39-manylinux_2_5_i686.manylinux1_i686.whl", hash = "sha256:9e1c388cce055dade7fe5a4698aefa85412e026d5fda03b39ad6a05c8260f653", size = 410550 },
    { url = "https://files.pythonhosted.org/packages/ec/46/d9fb5ea5995fba6dc62a3392c8b0e603553049e668d431a646b385c001ca/cachebox-4.5.2-cp39-cp39-musllinux_1_1_aarch64.whl", hash = "sha256:51a924d12df888b71fc520432e1045b36564bcbff69a8ca7577ccbeccc8033ce", size = 543759 },
    { url = "https://files.pythonhosted.org/packages/8a/8d/88e68b4af1a4e49608e4f89f8fd662bf595e580f24d9e2b3f7f31b9d0c0e/cachebox-4.5.2-cp39-cp39-musllinux_1_1_armv7l.whl", hash = "sha256:35e7465490be6734849d301201e72581408b29e809657f2b03997f199dddc0cc", size = 655094 },
    { url = "https://files.pythonhosted.org/packages/d1/f3/8ba87b6cfc7824fea4df9f57a10cbf065a03a53d964f5a0ea8db2e939c19/cachebox-4.5.2-cp39-cp39-musllinux_1_1_x86_64.whl", hash = "sha256:0101a9194e23302a5b3e6508bc1b73bda3aeae31290a98266ae8cb9e5109d071", size = 563050 },
    { url = "https://files.pythonhosted.org/packages/d0/3a/5cbee8ea7916d65bacf21f24d589e123438e6815eeff8481e9d12af419b6/cachebox-4.5.2-cp39-cp39-win32.whl", hash = "sha256:47e7d2f6613bb881e8748c54be4eeeef1da3c6b6d069eb6058f4c47eaf1a809e", size = 270431 },
    { url = "https://files.pythonhosted.org/packages/4c/7f/32c0b15db4d11d62ab8117fc4d42cf1175eee4c85bfa7ad85601861b2b80/cachebox-4.5.2-cp39-cp39-win_amd64.whl", hash = "sha256:ca2575e41c474482992e08a533af2cecde09c9bb5e03fb15109750c6790effdd", size = 280554 },
    { url = "https://files.pythonhosted.org/packages/4f/f6/a94a02f2961b87e3917ab2cbd79fcfe97fd0a5d45d64012e74c863f10def/cachebox-4.5.2-pp310-pypy310_pp73-macosx_10_12_x86_64.whl", hash = "sha256:99bf4626da35042017e2f730e078f9828bfebdc2e22699408b75bd09ab66af1e", size = 383445 },
    { url = "https://files.pythonhosted.org/packages/8e/a9/2abad6c104cf37da8398d9ed61fbd7da908908e9d405510645439fd94c40/cachebox-4.5.2-pp310-pypy310_pp73-macosx_11_0_arm64.whl", hash = "sha256:2d19aea321bd262630b1dbf9f098f779f25449c5bc57e6c72922834940861c55", size = 346213 },
    { url = "https://files.pythonhosted.org/packages/09/c1/1984f94c47f18a2436b9d599843e7bcfd0ca8f6c2889e570fe8cf3485105/cachebox-4.5.2-pp310-pypy310_pp73-manylinux_2_17_aarch64.manylinux2014_aarch64.whl", hash = "sha256:ce5c06c18a50d6b43c7277880a8ec0026f611b109b197230f91c2779f0bde25c", size = 363477 },
    { url = "https://files.pythonhosted.org/packages/87/7f/014d797517fe81d1167deab90383143f4d2db15497ca1091cffbcd6a2f48/cachebox-4.5.2-pp310-pypy310_pp73-manylinux_2_17_x86_64.manylinux2014_x86_64.whl", hash = "sha256:685c05a725971a24440af48fc4c2e7f2c5e9f9025ed8cd0882038fd902102831", size = 391762 },
    { url = "https://files.pythonhosted.org/packages/94/ea/e10a9bd8a6994ee635ecbcf50123b7e8ba2fcaeb01a7ef3e10b65c50016b/cachebox-4.5.2-pp310-pypy310_pp73-manylinux_2_5_i686.manylinux1_i686.whl", hash = "sha256:89e6a56537eba552c70baf1368d9a9885a9f7aee8c191ede2a43e271342bc884", size = 411831 },
    { url = "https://files.pythonhosted.org/packages/2b/32/8da73c9d03cab334dfd7021489aa4c5dc07962bdf7673758bab11472d0a6/cachebox-4.5.2-pp310-pypy310_pp73-musllinux_1_1_aarch64.whl", hash = "sha256:69a75bd87be480c6d3e418c0228740dbedee20d33027cbc0df0e2980c6fd239d", size = 544302 },
    { url = "https://files.pythonhosted.org/packages/de/00/f8c28865ba53b063d4fafb17eead77f47ea4ff2c59d90d71aed34dab6ccc/cachebox-4.5.2-pp310-pypy310_pp73-musllinux_1_1_armv7l.whl", hash = "sha256:59bbc555ae87067148eaa75ada94a3c5f157058537115d0f5189cecaba76320a", size = 655926 },
    { url = "https://files.pythonhosted.org/packages/32/2e/1c77e2b1a57624758d909da8fd82eea8a91d4f24fdf52356dad289ba8e51/cachebox-4.5.2-pp310-pypy310_pp73-musllinux_1_1_x86_64.whl", hash = "sha256:82da61d77a3c8dc2af8d0deae0fc1e67b649f7f0d4bc723d5fd1fe764734a502", size = 563468 },
    { url = "https://files.pythonhosted.org/packages/82/0b/755bfd6a868076d541769991ca5dd45765594fdbc0f6ec0ef0bd481a5905/cachebox-4.5.2-pp39-pypy39_pp73-macosx_10_12_x86_64.whl", hash = "sha256:1f39b6c49b0ac95e51b2aa18bcfe87d32af8b807f1e49159a4a7a2ca2ccdb564", size = 383441 },
    { url = "https://files.pythonhosted.org/packages/b0/7f/80072f29183f61e698b47234df41a428b0bb6d0201fe57555f816b34b9dc/cachebox-4.5.2-pp39-pypy39_pp73-macosx_11_0_arm64.whl", hash = "sha256:67616c212403a54c4b3445d9f23ecba12ff503ef5634d1eb243cb29ab037559e", size = 346201 },
    { url = "https://files.pythonhosted.org/packages/6f/3a/7fc374f1008c0703db82e7830558146f8087dcaa8f595810c19285f331ec/cachebox-4.5.2-pp39-pypy39_pp73-manylinux_2_17_aarch64.manylinux2014_aarch64.whl", hash = "sha256:5154c57b55ec93d927d829a6c6ac0e9ea1384f186b17275e00705cab80085fb2", size = 363487 },
    { url = "https://files.pythonhosted.org/packages/17/22/194296635ccab4f2c4a5c71bf5bb213ace7cc9951c736b502d5bf20f6a01/cachebox-4.5.2-pp39-pypy39_pp73-manylinux_2_17_x86_64.manylinux2014_x86_64.whl", hash = "sha256:0ae3cf0a88de813994014cd689d0c9f28d6978779e293923922fba5fcd438739", size = 391762 },
    { url = "https://files.pythonhosted.org/packages/7e/3f/582282b060880258fe881419d1c776b4a51d51f69cfe3836a0c7ae4c1804/cachebox-4.5.2-pp39-pypy39_pp73-manylinux_2_5_i686.manylinux1_i686.whl", hash = "sha256:0451c0e785dd18ff45b1d683329b7c0e823809e45fdbd184c3f855021ae696e2", size = 411829 },
    { url = "https://files.pythonhosted.org/packages/f1/c4/ad989da8aa6bbfb144ee2d5a6c79813d8dce6fa4b79fe8bdbe20cc0a8209/cachebox-4.5.2-pp39-pypy39_pp73-musllinux_1_1_aarch64.whl", hash = "sha256:6aa0944a19a80fec963ef4369a5f244b7b6c7d3042736b1400212c8bab51e92a", size = 544298 },
    { url = "https://files.pythonhosted.org/packages/9b/5b/8c15d1c91f56ff6f0c3969f8db22685ab8587841f9775a1dfbe40f31c7c2/cachebox-4.5.2-pp39-pypy39_pp73-musllinux_1_1_armv7l.whl", hash = "sha256:9c5d59279f3a3e1283d2044876e7ef07c5549c252868cb8b60b5b3860b418f98", size = 655950 },
    { url = "https://files.pythonhosted.org/packages/8b/ca/d3f9a2bdf45382b71ae31f46cd20a7d5e81155949d9c9663a21e6490532f/cachebox-4.5.2-pp39-pypy39_pp73-musllinux_1_1_x86_64.whl", hash = "sha256:293b9d8a19225e0c8a3aed9823ca11b028807baf5dfbd298119e39c7a74c0fc4", size = 563469 },
]

[[package]]
name = "cachetools"
version = "5.5.2"
source = { registry = "https://pypi.org/simple" }
sdist = { url = "https://files.pythonhosted.org/packages/6c/81/3747dad6b14fa2cf53fcf10548cf5aea6913e96fab41a3c198676f8948a5/cachetools-5.5.2.tar.gz", hash = "sha256:1a661caa9175d26759571b2e19580f9d6393969e5dfca11fdb1f947a23e640d4", size = 28380 }
wheels = [
    { url = "https://files.pythonhosted.org/packages/72/76/20fa66124dbe6be5cafeb312ece67de6b61dd91a0247d1ea13db4ebb33c2/cachetools-5.5.2-py3-none-any.whl", hash = "sha256:d26a22bcc62eb95c3beabd9f1ee5e820d3d2704fe2967cbe350e20c8ffcd3f0a", size = 10080 },
]

[[package]]
name = "click"
version = "8.1.8"
source = { registry = "https://pypi.org/simple" }
dependencies = [
    { name = "colorama", marker = "sys_platform == 'win32'" },
]
sdist = { url = "https://files.pythonhosted.org/packages/b9/2e/0090cbf739cee7d23781ad4b89a9894a41538e4fcf4c31dcdd705b78eb8b/click-8.1.8.tar.gz", hash = "sha256:ed53c9d8990d83c2a27deae68e4ee337473f6330c040a31d4225c9574d16096a", size = 226593 }
wheels = [
    { url = "https://files.pythonhosted.org/packages/7e/d4/7ebdbd03970677812aac39c869717059dbb71a4cfc033ca6e5221787892c/click-8.1.8-py3-none-any.whl", hash = "sha256:63c132bbbed01578a06712a2d1f497bb62d9c1c0d329b7903a866228027263b2", size = 98188 },
]

[[package]]
name = "colorama"
version = "0.4.6"
source = { registry = "https://pypi.org/simple" }
sdist = { url = "https://files.pythonhosted.org/packages/d8/53/6f443c9a4a8358a93a6792e2acffb9d9d5cb0a5cfd8802644b7b1c9a02e4/colorama-0.4.6.tar.gz", hash = "sha256:08695f5cb7ed6e0531a20572697297273c47b8cae5a63ffc6d6ed5c201be6e44", size = 27697 }
wheels = [
    { url = "https://files.pythonhosted.org/packages/d1/d6/3965ed04c63042e047cb6a3e6ed1a63a35087b6a609aa3a15ed8ac56c221/colorama-0.4.6-py2.py3-none-any.whl", hash = "sha256:4f1d9991f5acc0ca119f9d443620b77f9d6b33703e51011c16baf57afb285fc6", size = 25335 },
]

[[package]]
name = "diskcache"
version = "5.6.3"
source = { registry = "https://pypi.org/simple" }
sdist = { url = "https://files.pythonhosted.org/packages/3f/21/1c1ffc1a039ddcc459db43cc108658f32c57d271d7289a2794e401d0fdb6/diskcache-5.6.3.tar.gz", hash = "sha256:2c3a3fa2743d8535d832ec61c2054a1641f41775aa7c556758a109941e33e4fc", size = 67916 }
wheels = [
    { url = "https://files.pythonhosted.org/packages/3f/27/4570e78fc0bf5ea0ca45eb1de3818a23787af9b390c0b0a0033a1b8236f9/diskcache-5.6.3-py3-none-any.whl", hash = "sha256:5e31b2d5fbad117cc363ebaf6b689474db18a1f6438bc82358b024abd4c2ca19", size = 45550 },
]

[[package]]
name = "ffunrun"
version = "0.1.8"
source = { virtual = "." }
dependencies = [
    { name = "click" },
    { name = "funbuild" },
    { name = "funutil" },
]

[package.metadata]
requires-dist = [
    { name = "click", specifier = ">=8.1.8" },
    { name = "funbuild", specifier = ">=1.5.86" },
    { name = "funutil", specifier = ">=1.0.48" },
]

[[package]]
name = "funbuild"
version = "1.5.86"
source = { registry = "https://pypi.org/simple" }
dependencies = [
    { name = "click" },
    { name = "ruff" },
    { name = "toml" },
    { name = "uv" },
]
wheels = [
    { url = "https://files.pythonhosted.org/packages/36/87/12e5ff3c56756ee22d14110e06911867284fce505e24657e069f8b0d160b/funbuild-1.5.86-py3-none-any.whl", hash = "sha256:cc7f036bf3bf766416884b29ab6bd4acfc1fe7708cd0f35c7b135c18e3e2c398", size = 8627 },
]

[[package]]
name = "funutil"
version = "1.0.48"
source = { registry = "https://pypi.org/simple" }
dependencies = [
    { name = "cachebox" },
    { name = "cachetools" },
    { name = "diskcache" },
    { name = "loguru" },
]
sdist = { url = "https://files.pythonhosted.org/packages/ba/84/be8ac279f3d1a9a0c9dc0da2725936e59ba40a876bae6ad1f3c77f8cca83/funutil-1.0.48.tar.gz", hash = "sha256:aa5ab12f45d9b9a0948ee0957f1993d79ea2bae0aa7a992f8cb7ae90a26725d1", size = 17111 }
wheels = [
    { url = "https://files.pythonhosted.org/packages/32/a1/b7847f0c669b43bce608ef837469cbec56c519cd2672777cf712be33990b/funutil-1.0.48-py3-none-any.whl", hash = "sha256:bc3bb2ae13f3049216537fabaa6a84c94e5f74abd55fd803d2062f1cbbf31996", size = 23541 },
]

[[package]]
name = "loguru"
version = "0.7.3"
source = { registry = "https://pypi.org/simple" }
dependencies = [
    { name = "colorama", marker = "sys_platform == 'win32'" },
    { name = "win32-setctime", marker = "sys_platform == 'win32'" },
]
sdist = { url = "https://files.pythonhosted.org/packages/3a/05/a1dae3dffd1116099471c643b8924f5aa6524411dc6c63fdae648c4f1aca/loguru-0.7.3.tar.gz", hash = "sha256:19480589e77d47b8d85b2c827ad95d49bf31b0dcde16593892eb51dd18706eb6", size = 63559 }
wheels = [
    { url = "https://files.pythonhosted.org/packages/0c/29/0348de65b8cc732daa3e33e67806420b2ae89bdce2b04af740289c5c6c8c/loguru-0.7.3-py3-none-any.whl", hash = "sha256:31a33c10c8e1e10422bfd431aeb5d351c7cf7fa671e3c4df004162264b28220c", size = 61595 },
]

[[package]]
name = "ruff"
version = "0.11.2"
source = { registry = "https://pypi.org/simple" }
sdist = { url = "https://files.pythonhosted.org/packages/90/61/fb87430f040e4e577e784e325351186976516faef17d6fcd921fe28edfd7/ruff-0.11.2.tar.gz", hash = "sha256:ec47591497d5a1050175bdf4e1a4e6272cddff7da88a2ad595e1e326041d8d94", size = 3857511 }
wheels = [
    { url = "https://files.pythonhosted.org/packages/62/99/102578506f0f5fa29fd7e0df0a273864f79af044757aef73d1cae0afe6ad/ruff-0.11.2-py3-none-linux_armv6l.whl", hash = "sha256:c69e20ea49e973f3afec2c06376eb56045709f0212615c1adb0eda35e8a4e477", size = 10113146 },
    { url = "https://files.pythonhosted.org/packages/74/ad/5cd4ba58ab602a579997a8494b96f10f316e874d7c435bcc1a92e6da1b12/ruff-0.11.2-py3-none-macosx_10_12_x86_64.whl", hash = "sha256:2c5424cc1c4eb1d8ecabe6d4f1b70470b4f24a0c0171356290b1953ad8f0e272", size = 10867092 },
    { url = "https://files.pythonhosted.org/packages/fc/3e/d3f13619e1d152c7b600a38c1a035e833e794c6625c9a6cea6f63dbf3af4/ruff-0.11.2-py3-none-macosx_11_0_arm64.whl", hash = "sha256:ecf20854cc73f42171eedb66f006a43d0a21bfb98a2523a809931cda569552d9", size = 10224082 },
    { url = "https://files.pythonhosted.org/packages/90/06/f77b3d790d24a93f38e3806216f263974909888fd1e826717c3ec956bbcd/ruff-0.11.2-py3-none-manylinux_2_17_aarch64.manylinux2014_aarch64.whl", hash = "sha256:0c543bf65d5d27240321604cee0633a70c6c25c9a2f2492efa9f6d4b8e4199bb", size = 10394818 },
    { url = "https://files.pythonhosted.org/packages/99/7f/78aa431d3ddebfc2418cd95b786642557ba8b3cb578c075239da9ce97ff9/ruff-0.11.2-py3-none-manylinux_2_17_armv7l.manylinux2014_armv7l.whl", hash = "sha256:20967168cc21195db5830b9224be0e964cc9c8ecf3b5a9e3ce19876e8d3a96e3", size = 9952251 },
    { url = "https://files.pythonhosted.org/packages/30/3e/f11186d1ddfaca438c3bbff73c6a2fdb5b60e6450cc466129c694b0ab7a2/ruff-0.11.2-py3-none-manylinux_2_17_i686.manylinux2014_i686.whl", hash = "sha256:955a9ce63483999d9f0b8f0b4a3ad669e53484232853054cc8b9d51ab4c5de74", size = 11563566 },
    { url = "https://files.pythonhosted.org/packages/22/6c/6ca91befbc0a6539ee133d9a9ce60b1a354db12c3c5d11cfdbf77140f851/ruff-0.11.2-py3-none-manylinux_2_17_ppc64.manylinux2014_ppc64.whl", hash = "sha256:86b3a27c38b8fce73bcd262b0de32e9a6801b76d52cdb3ae4c914515f0cef608", size = 12208721 },
    { url = "https://files.pythonhosted.org/packages/19/b0/24516a3b850d55b17c03fc399b681c6a549d06ce665915721dc5d6458a5c/ruff-0.11.2-py3-none-manylinux_2_17_ppc64le.manylinux2014_ppc64le.whl", hash = "sha256:a3b66a03b248c9fcd9d64d445bafdf1589326bee6fc5c8e92d7562e58883e30f", size = 11662274 },
    { url = "https://files.pythonhosted.org/packages/d7/65/76be06d28ecb7c6070280cef2bcb20c98fbf99ff60b1c57d2fb9b8771348/ruff-0.11.2-py3-none-manylinux_2_17_s390x.manylinux2014_s390x.whl", hash = "sha256:0397c2672db015be5aa3d4dac54c69aa012429097ff219392c018e21f5085147", size = 13792284 },
    { url = "https://files.pythonhosted.org/packages/ce/d2/4ceed7147e05852876f3b5f3fdc23f878ce2b7e0b90dd6e698bda3d20787/ruff-0.11.2-py3-none-manylinux_2_17_x86_64.manylinux2014_x86_64.whl", hash = "sha256:869bcf3f9abf6457fbe39b5a37333aa4eecc52a3b99c98827ccc371a8e5b6f1b", size = 11327861 },
    { url = "https://files.pythonhosted.org/packages/c4/78/4935ecba13706fd60ebe0e3dc50371f2bdc3d9bc80e68adc32ff93914534/ruff-0.11.2-py3-none-musllinux_1_2_aarch64.whl", hash = "sha256:2a2b50ca35457ba785cd8c93ebbe529467594087b527a08d487cf0ee7b3087e9", size = 10276560 },
    { url = "https://files.pythonhosted.org/packages/81/7f/1b2435c3f5245d410bb5dc80f13ec796454c21fbda12b77d7588d5cf4e29/ruff-0.11.2-py3-none-musllinux_1_2_armv7l.whl", hash = "sha256:7c69c74bf53ddcfbc22e6eb2f31211df7f65054bfc1f72288fc71e5f82db3eab", size = 9945091 },
    { url = "https://files.pythonhosted.org/packages/39/c4/692284c07e6bf2b31d82bb8c32f8840f9d0627d92983edaac991a2b66c0a/ruff-0.11.2-py3-none-musllinux_1_2_i686.whl", hash = "sha256:6e8fb75e14560f7cf53b15bbc55baf5ecbe373dd5f3aab96ff7aa7777edd7630", size = 10977133 },
    { url = "https://files.pythonhosted.org/packages/94/cf/8ab81cb7dd7a3b0a3960c2769825038f3adcd75faf46dd6376086df8b128/ruff-0.11.2-py3-none-musllinux_1_2_x86_64.whl", hash = "sha256:842a472d7b4d6f5924e9297aa38149e5dcb1e628773b70e6387ae2c97a63c58f", size = 11378514 },
    { url = "https://files.pythonhosted.org/packages/d9/3a/a647fa4f316482dacf2fd68e8a386327a33d6eabd8eb2f9a0c3d291ec549/ruff-0.11.2-py3-none-win32.whl", hash = "sha256:aca01ccd0eb5eb7156b324cfaa088586f06a86d9e5314b0eb330cb48415097cc", size = 10319835 },
    { url = "https://files.pythonhosted.org/packages/86/54/3c12d3af58012a5e2cd7ebdbe9983f4834af3f8cbea0e8a8c74fa1e23b2b/ruff-0.11.2-py3-none-win_amd64.whl", hash = "sha256:3170150172a8f994136c0c66f494edf199a0bbea7a409f649e4bc8f4d7084080", size = 11373713 },
    { url = "https://files.pythonhosted.org/packages/d6/d4/dd813703af8a1e2ac33bf3feb27e8a5ad514c9f219df80c64d69807e7f71/ruff-0.11.2-py3-none-win_arm64.whl", hash = "sha256:52933095158ff328f4c77af3d74f0379e34fd52f175144cefc1b192e7ccd32b4", size = 10441990 },
]

[[package]]
name = "toml"
version = "0.10.2"
source = { registry = "https://pypi.org/simple" }
sdist = { url = "https://files.pythonhosted.org/packages/be/ba/1f744cdc819428fc6b5084ec34d9b30660f6f9daaf70eead706e3203ec3c/toml-0.10.2.tar.gz", hash = "sha256:b3bda1d108d5dd99f4a20d24d9c348e91c4db7ab1b749200bded2f839ccbe68f", size = 22253 }
wheels = [
    { url = "https://files.pythonhosted.org/packages/44/6f/7120676b6d73228c96e17f1f794d8ab046fc910d781c8d151120c3f1569e/toml-0.10.2-py2.py3-none-any.whl", hash = "sha256:806143ae5bfb6a3c6e736a764057db0e6a0e05e338b5630894a5f779cabb4f9b", size = 16588 },
]

[[package]]
name = "uv"
version = "0.6.10"
source = { registry = "https://pypi.org/simple" }
sdist = { url = "https://files.pythonhosted.org/packages/46/32/ffa984c2ecbcf48d0ae813adf1aad79b3ecb5ffc743362088755d64ae3be/uv-0.6.10.tar.gz", hash = "sha256:cbbb03deb30af457cd93ad299ee5c3258ade3d900b4dee1af936c8a6d87d5bcb", size = 3109190 }
wheels = [
    { url = "https://files.pythonhosted.org/packages/47/5a/5ef9324c333478608eaca8c97a374a869b861a9a614c1e6695045e06d90c/uv-0.6.10-py3-none-linux_armv6l.whl", hash = "sha256:06932d36f1afaf611522a6a7ec361dac48dc67a1147d24e9eadee9703b15faaf", size = 15825875 },
    { url = "https://files.pythonhosted.org/packages/f7/2f/001f6bb4342ba50cf921bd4a338ea40e5228ea6a817bd3101fbabaf010dd/uv-0.6.10-py3-none-macosx_10_12_x86_64.whl", hash = "sha256:e5c2ba1922c47a245d7393465fcee942df5a8bd8b80489a7b8860ba9d60102f9", size = 15967139 },
    { url = "https://files.pythonhosted.org/packages/36/6b/f66dcd28508bceed7cff48efb9dfe62a50a40a0685c41fb5e6ecd45f33cd/uv-0.6.10-py3-none-macosx_11_0_arm64.whl", hash = "sha256:cd8a4bcfd33a0dcae3fc0936bff8602f74e5719cf839e3df233059a0b8c8330d", size = 14796758 },
    { url = "https://files.pythonhosted.org/packages/5a/a2/13eb03e8691b098f9ee63c4d3fa3a054c48bfa05a0a52aec3df33ab52376/uv-0.6.10-py3-none-manylinux_2_17_aarch64.manylinux2014_aarch64.musllinux_1_1_aarch64.whl", hash = "sha256:4dd20c47898c15ebd4b5f48101062ea248e32513bfc61fc04bc822abfe39ce8a", size = 15252527 },
    { url = "https://files.pythonhosted.org/packages/58/90/053bde333fbf9030dff1354797bd74ce3624235bcf59d7558397749a88c1/uv-0.6.10-py3-none-manylinux_2_17_armv7l.manylinux2014_armv7l.whl", hash = "sha256:950c9cd7b75f67e25760d2f43ad4b0ee3f8c6724fe0a9cf9eff948b3044b6a6d", size = 15560957 },
    { url = "https://files.pythonhosted.org/packages/34/80/feb9ecc8ab8f9e1968d6783dd47e7ebd1dfcd0231c8b7b0efd7204625cec/uv-0.6.10-py3-none-manylinux_2_17_i686.manylinux2014_i686.whl", hash = "sha256:acca1dca7be342b2b8e26e509aa07c3144cb009788140eee045da2aad6a0c6fe", size = 16249302 },
    { url = "https://files.pythonhosted.org/packages/0f/14/9a2e40e25fba7b550cb57cce62a07ddf28350cb53e9e8bd2e70c0fbacdbb/uv-0.6.10-py3-none-manylinux_2_17_ppc64.manylinux2014_ppc64.whl", hash = "sha256:13ac09945976dc0df0edde7e4ba3a46107036a114117c8ff84916e55216c2e32", size = 17196146 },
    { url = "https://files.pythonhosted.org/packages/5e/05/5c9cd846243aca204f96c2da13da0fb38b6143eb3827dedea0e1dc1bcf1c/uv-0.6.10-py3-none-manylinux_2_17_ppc64le.manylinux2014_ppc64le.whl", hash = "sha256:145e75b99d6b7bdce8e454a851cfcd5605ff0491d568244c66fa75ca6b071bd6", size = 16944298 },
    { url = "https://files.pythonhosted.org/packages/d2/14/63233a3143535a6df34ee6dc8246ef09ee79d99b902a6cc1ee179c1898f9/uv-0.6.10-py3-none-manylinux_2_17_s390x.manylinux2014_s390x.whl", hash = "sha256:666d9fe312c810bba77633dbd463dc85f5a6a0d07905726a014dc53d07c774d9", size = 21226376 },
    { url = "https://files.pythonhosted.org/packages/0a/d3/7e881e2a391203a7567cf03c72213701e63923591d2072c4e7fe694c919f/uv-0.6.10-py3-none-manylinux_2_17_x86_64.manylinux2014_x86_64.whl", hash = "sha256:b98e8884093cbfb1a1cc3f855aa22f97ec8da1a87e0e761800e165d4f9224a45", size = 16621313 },
    { url = "https://files.pythonhosted.org/packages/a1/a9/124aa76690a04cf30344386358b772cdede17d84660ae1dce8643bf64939/uv-0.6.10-py3-none-manylinux_2_28_aarch64.whl", hash = "sha256:e8a8a75cf34c0814c1eabdbe651741d44fb125a6dcbe159b2da02871bbfdec7e", size = 15461518 },
    { url = "https://files.pythonhosted.org/packages/ef/97/19813f2ec2faac77da5548c35d6ae039d044b973ecbb0732e3f07662fd36/uv-0.6.10-py3-none-musllinux_1_1_armv7l.whl", hash = "sha256:5260f52386e217615553f2f42740ce2f64ba439ff0fd502dc5b06250eb8ae613", size = 15524130 },
    { url = "https://files.pythonhosted.org/packages/09/3f/5637bbf27ac145a09ea8eba8e0c926f7a3fe8fc4b3b1c91131c4558f4ec2/uv-0.6.10-py3-none-musllinux_1_1_i686.whl", hash = "sha256:603aebbaf6be938120c73fd36e9fd85f5e1b671d3d4638b3086f478e2bb423d9", size = 15901256 },
    { url = "https://files.pythonhosted.org/packages/a2/9b/2c688a897efad60d6e0587027968c1fdb0a63f70a8bef33d0b8154cc0fcd/uv-0.6.10-py3-none-musllinux_1_1_x86_64.whl", hash = "sha256:d1f1bc7d94a4a7fdd75142be71b6bf2d7e01282f322721da185d711f065d7b80", size = 16746279 },
    { url = "https://files.pythonhosted.org/packages/75/d4/df57d3f40c93c21fceed94156da41183daabd15422506e0fe73236c458a1/uv-0.6.10-py3-none-win32.whl", hash = "sha256:df6560256b93441c70ea2c062975bce2307a32de280f103cedb8db4a0f542348", size = 15953827 },
    { url = "https://files.pythonhosted.org/packages/8a/21/a71c95c85624544c56695ae2469745bbda834e77dfc1e29d76711409eda5/uv-0.6.10-py3-none-win_amd64.whl", hash = "sha256:d795721fdd32e0471c952b7cb02a030657b6e67625fe836f4df14a3ae4aa4921", size = 17425178 },
    { url = "https://files.pythonhosted.org/packages/ce/07/e6ffe467e1e365f7dd7863c4d505b1941af8cf69c494d0dbda08ba907043/uv-0.6.10-py3-none-win_arm64.whl", hash = "sha256:5188dc7041f4166bf64182d76c32c873f750259b6e4621a1400c26ebeea8c8dd", size = 16169219 },
]

[[package]]
name = "win32-setctime"
version = "1.2.0"
source = { registry = "https://pypi.org/simple" }
sdist = { url = "https://files.pythonhosted.org/packages/b3/8f/705086c9d734d3b663af0e9bb3d4de6578d08f46b1b101c2442fd9aecaa2/win32_setctime-1.2.0.tar.gz", hash = "sha256:ae1fdf948f5640aae05c511ade119313fb6a30d7eabe25fef9764dca5873c4c0", size = 4867 }
wheels = [
    { url = "https://files.pythonhosted.org/packages/e1/07/c6fe3ad3e685340704d314d765b7912993bcb8dc198f0e7a89382d37974b/win32_setctime-1.2.0-py3-none-any.whl", hash = "sha256:95d644c4e708aba81dc3704a116d8cbc974d70b3bdb8be1d150e36be6e9d1390", size = 4083 },
]
